// !$*UTF8*$!
{
	archiveVersion = 1;
	classes = {
	};
	objectVersion = 46;
	objects = {

/* Begin PBXBuildFile section */
		23FC29641ACD6F9C00CD60DB /* main.m in Sources */ = {isa = PBXBuildFile; fileRef = 23FC29631ACD6F9C00CD60DB /* main.m */; };
		23FC29671ACD6F9C00CD60DB /* AppDelegate.m in Sources */ = {isa = PBXBuildFile; fileRef = 23FC29661ACD6F9C00CD60DB /* AppDelegate.m */; };
		23FC296D1ACD6F9C00CD60DB /* ViewController.m in Sources */ = {isa = PBXBuildFile; fileRef = 23FC296C1ACD6F9C00CD60DB /* ViewController.m */; };
		23FC29701ACD6F9C00CD60DB /* Main.storyboard in Resources */ = {isa = PBXBuildFile; fileRef = 23FC296E1ACD6F9C00CD60DB /* Main.storyboard */; };
		23FC29721ACD6F9C00CD60DB /* Images.xcassets in Resources */ = {isa = PBXBuildFile; fileRef = 23FC29711ACD6F9C00CD60DB /* Images.xcassets */; };
		23FC29751ACD6F9C00CD60DB /* LaunchScreen.xib in Resources */ = {isa = PBXBuildFile; fileRef = 23FC29731ACD6F9C00CD60DB /* LaunchScreen.xib */; };
		23FC29811ACD6F9D00CD60DB /* UnitTestMigratorTests.m in Sources */ = {isa = PBXBuildFile; fileRef = 23FC29801ACD6F9D00CD60DB /* UnitTestMigratorTests.m */; };
		23FC29901ACD7D4900CD60DB /* SVIndefiniteAnimatedView.m in Sources */ = {isa = PBXBuildFile; fileRef = 23FC298C1ACD7D4900CD60DB /* SVIndefiniteAnimatedView.m */; };
		23FC29911ACD7D4900CD60DB /* SVProgressHUD.bundle in Resources */ = {isa = PBXBuildFile; fileRef = 23FC298D1ACD7D4900CD60DB /* SVProgressHUD.bundle */; };
		23FC29921ACD7D4900CD60DB /* SVProgressHUD.m in Sources */ = {isa = PBXBuildFile; fileRef = 23FC298F1ACD7D4900CD60DB /* SVProgressHUD.m */; };
		23FC29981ACD7DA700CD60DB /* CDMigrationManager.m in Sources */ = {isa = PBXBuildFile; fileRef = 23FC29951ACD7DA700CD60DB /* CDMigrationManager.m */; };
		23FC29991ACD7DA700CD60DB /* CDMigrator.m in Sources */ = {isa = PBXBuildFile; fileRef = 23FC29971ACD7DA700CD60DB /* CDMigrator.m */; };
		23FC29A61ACD89DD00CD60DB /* TestMigrator.xcdatamodeld in Sources */ = {isa = PBXBuildFile; fileRef = 23FC29A11ACD89DD00CD60DB /* TestMigrator.xcdatamodeld */; };
		23FC29A81ACD91B000CD60DB /* TestMigrator.sqlite in Resources */ = {isa = PBXBuildFile; fileRef = 23FC29A71ACD91B000CD60DB /* TestMigrator.sqlite */; };
/* End PBXBuildFile section */

/* Begin PBXContainerItemProxy section */
		23FC297B1ACD6F9D00CD60DB /* PBXContainerItemProxy */ = {
			isa = PBXContainerItemProxy;
			containerPortal = 23FC29561ACD6F9C00CD60DB /* Project object */;
			proxyType = 1;
			remoteGlobalIDString = 23FC295D1ACD6F9C00CD60DB;
			remoteInfo = UnitTestMigrator;
		};
/* End PBXContainerItemProxy section */

/* Begin PBXFileReference section */
		23FC295E1ACD6F9C00CD60DB /* UnitTestMigrator.app */ = {isa = PBXFileReference; explicitFileType = wrapper.application; includeInIndex = 0; path = UnitTestMigrator.app; sourceTree = BUILT_PRODUCTS_DIR; };
		23FC29621ACD6F9C00CD60DB /* Info.plist */ = {isa = PBXFileReference; lastKnownFileType = text.plist.xml; path = Info.plist; sourceTree = "<group>"; };
		23FC29631ACD6F9C00CD60DB /* main.m */ = {isa = PBXFileReference; lastKnownFileType = sourcecode.c.objc; path = main.m; sourceTree = "<group>"; };
		23FC29651ACD6F9C00CD60DB /* AppDelegate.h */ = {isa = PBXFileReference; lastKnownFileType = sourcecode.c.h; path = AppDelegate.h; sourceTree = "<group>"; };
		23FC29661ACD6F9C00CD60DB /* AppDelegate.m */ = {isa = PBXFileReference; lastKnownFileType = sourcecode.c.objc; path = AppDelegate.m; sourceTree = "<group>"; };
		23FC296B1ACD6F9C00CD60DB /* ViewController.h */ = {isa = PBXFileReference; lastKnownFileType = sourcecode.c.h; path = ViewController.h; sourceTree = "<group>"; };
		23FC296C1ACD6F9C00CD60DB /* ViewController.m */ = {isa = PBXFileReference; lastKnownFileType = sourcecode.c.objc; path = ViewController.m; sourceTree = "<group>"; };
		23FC296F1ACD6F9C00CD60DB /* Base */ = {isa = PBXFileReference; lastKnownFileType = file.storyboard; name = Base; path = Base.lproj/Main.storyboard; sourceTree = "<group>"; };
		23FC29711ACD6F9C00CD60DB /* Images.xcassets */ = {isa = PBXFileReference; lastKnownFileType = folder.assetcatalog; path = Images.xcassets; sourceTree = "<group>"; };
		23FC29741ACD6F9C00CD60DB /* Base */ = {isa = PBXFileReference; lastKnownFileType = file.xib; name = Base; path = Base.lproj/LaunchScreen.xib; sourceTree = "<group>"; };
		23FC297A1ACD6F9D00CD60DB /* UnitTestMigratorTests.xctest */ = {isa = PBXFileReference; explicitFileType = wrapper.cfbundle; includeInIndex = 0; path = UnitTestMigratorTests.xctest; sourceTree = BUILT_PRODUCTS_DIR; };
		23FC297F1ACD6F9D00CD60DB /* Info.plist */ = {isa = PBXFileReference; lastKnownFileType = text.plist.xml; path = Info.plist; sourceTree = "<group>"; };
		23FC29801ACD6F9D00CD60DB /* UnitTestMigratorTests.m */ = {isa = PBXFileReference; lastKnownFileType = sourcecode.c.objc; path = UnitTestMigratorTests.m; sourceTree = "<group>"; };
		23FC298B1ACD7D4900CD60DB /* SVIndefiniteAnimatedView.h */ = {isa = PBXFileReference; fileEncoding = 4; lastKnownFileType = sourcecode.c.h; path = SVIndefiniteAnimatedView.h; sourceTree = "<group>"; };
		23FC298C1ACD7D4900CD60DB /* SVIndefiniteAnimatedView.m */ = {isa = PBXFileReference; fileEncoding = 4; lastKnownFileType = sourcecode.c.objc; path = SVIndefiniteAnimatedView.m; sourceTree = "<group>"; };
		23FC298D1ACD7D4900CD60DB /* SVProgressHUD.bundle */ = {isa = PBXFileReference; lastKnownFileType = "wrapper.plug-in"; path = SVProgressHUD.bundle; sourceTree = "<group>"; };
		23FC298E1ACD7D4900CD60DB /* SVProgressHUD.h */ = {isa = PBXFileReference; fileEncoding = 4; lastKnownFileType = sourcecode.c.h; path = SVProgressHUD.h; sourceTree = "<group>"; };
		23FC298F1ACD7D4900CD60DB /* SVProgressHUD.m */ = {isa = PBXFileReference; fileEncoding = 4; lastKnownFileType = sourcecode.c.objc; path = SVProgressHUD.m; sourceTree = "<group>"; };
		23FC29941ACD7DA700CD60DB /* CDMigrationManager.h */ = {isa = PBXFileReference; fileEncoding = 4; lastKnownFileType = sourcecode.c.h; path = CDMigrationManager.h; sourceTree = "<group>"; };
		23FC29951ACD7DA700CD60DB /* CDMigrationManager.m */ = {isa = PBXFileReference; fileEncoding = 4; lastKnownFileType = sourcecode.c.objc; path = CDMigrationManager.m; sourceTree = "<group>"; };
		23FC29961ACD7DA700CD60DB /* CDMigrator.h */ = {isa = PBXFileReference; fileEncoding = 4; lastKnownFileType = sourcecode.c.h; path = CDMigrator.h; sourceTree = "<group>"; };
		23FC29971ACD7DA700CD60DB /* CDMigrator.m */ = {isa = PBXFileReference; fileEncoding = 4; lastKnownFileType = sourcecode.c.objc; path = CDMigrator.m; sourceTree = "<group>"; };
		23FC29A21ACD89DD00CD60DB /* TestMigrator 2.xcdatamodel */ = {isa = PBXFileReference; lastKnownFileType = wrapper.xcdatamodel; path = "TestMigrator 2.xcdatamodel"; sourceTree = "<group>"; };
		23FC29A31ACD89DD00CD60DB /* TestMigrator 3.xcdatamodel */ = {isa = PBXFileReference; lastKnownFileType = wrapper.xcdatamodel; path = "TestMigrator 3.xcdatamodel"; sourceTree = "<group>"; };
		23FC29A41ACD89DD00CD60DB /* TestMigrator 4.xcdatamodel */ = {isa = PBXFileReference; lastKnownFileType = wrapper.xcdatamodel; path = "TestMigrator 4.xcdatamodel"; sourceTree = "<group>"; };
		23FC29A51ACD89DD00CD60DB /* TestMigrator.xcdatamodel */ = {isa = PBXFileReference; lastKnownFileType = wrapper.xcdatamodel; path = TestMigrator.xcdatamodel; sourceTree = "<group>"; };
		23FC29A71ACD91B000CD60DB /* TestMigrator.sqlite */ = {isa = PBXFileReference; lastKnownFileType = file; path = TestMigrator.sqlite; sourceTree = "<group>"; };
/* End PBXFileReference section */

/* Begin PBXFrameworksBuildPhase section */
		23FC295B1ACD6F9C00CD60DB /* Frameworks */ = {
			isa = PBXFrameworksBuildPhase;
			buildActionMask = 2147483647;
			files = (
			);
			runOnlyForDeploymentPostprocessing = 0;
		};
		23FC29771ACD6F9D00CD60DB /* Frameworks */ = {
			isa = PBXFrameworksBuildPhase;
			buildActionMask = 2147483647;
			files = (
			);
			runOnlyForDeploymentPostprocessing = 0;
		};
/* End PBXFrameworksBuildPhase section */

/* Begin PBXGroup section */
		23FC29551ACD6F9C00CD60DB = {
			isa = PBXGroup;
			children = (
				23FC29601ACD6F9C00CD60DB /* UnitTestMigrator */,
				23FC297D1ACD6F9D00CD60DB /* UnitTestMigratorTests */,
				23FC295F1ACD6F9C00CD60DB /* Products */,
			);
			sourceTree = "<group>";
		};
		23FC295F1ACD6F9C00CD60DB /* Products */ = {
			isa = PBXGroup;
			children = (
				23FC295E1ACD6F9C00CD60DB /* UnitTestMigrator.app */,
				23FC297A1ACD6F9D00CD60DB /* UnitTestMigratorTests.xctest */,
			);
			name = Products;
			sourceTree = "<group>";
		};
		23FC29601ACD6F9C00CD60DB /* UnitTestMigrator */ = {
			isa = PBXGroup;
			children = (
				23FC299A1ACD87D200CD60DB /* Core Data Base */,
				23FC298A1ACD7D4900CD60DB /* SVProgressHUD */,
				23FC29931ACD7DA700CD60DB /* CDMigrator */,
				23FC296B1ACD6F9C00CD60DB /* ViewController.h */,
				23FC296C1ACD6F9C00CD60DB /* ViewController.m */,
				23FC29651ACD6F9C00CD60DB /* AppDelegate.h */,
				23FC29661ACD6F9C00CD60DB /* AppDelegate.m */,
				23FC296E1ACD6F9C00CD60DB /* Main.storyboard */,
				23FC29711ACD6F9C00CD60DB /* Images.xcassets */,
				23FC29731ACD6F9C00CD60DB /* LaunchScreen.xib */,
				23FC29611ACD6F9C00CD60DB /* Supporting Files */,
			);
			path = UnitTestMigrator;
			sourceTree = "<group>";
		};
		23FC29611ACD6F9C00CD60DB /* Supporting Files */ = {
			isa = PBXGroup;
			children = (
				23FC29A71ACD91B000CD60DB /* TestMigrator.sqlite */,
				23FC29621ACD6F9C00CD60DB /* Info.plist */,
				23FC29631ACD6F9C00CD60DB /* main.m */,
			);
			name = "Supporting Files";
			sourceTree = "<group>";
		};
		23FC297D1ACD6F9D00CD60DB /* UnitTestMigratorTests */ = {
			isa = PBXGroup;
			children = (
				23FC29801ACD6F9D00CD60DB /* UnitTestMigratorTests.m */,
				23FC297E1ACD6F9D00CD60DB /* Supporting Files */,
			);
			path = UnitTestMigratorTests;
			sourceTree = "<group>";
		};
		23FC297E1ACD6F9D00CD60DB /* Supporting Files */ = {
			isa = PBXGroup;
			children = (
				23FC297F1ACD6F9D00CD60DB /* Info.plist */,
			);
			name = "Supporting Files";
			sourceTree = "<group>";
		};
		23FC298A1ACD7D4900CD60DB /* SVProgressHUD */ = {
			isa = PBXGroup;
			children = (
				23FC298B1ACD7D4900CD60DB /* SVIndefiniteAnimatedView.h */,
				23FC298C1ACD7D4900CD60DB /* SVIndefiniteAnimatedView.m */,
				23FC298D1ACD7D4900CD60DB /* SVProgressHUD.bundle */,
				23FC298E1ACD7D4900CD60DB /* SVProgressHUD.h */,
				23FC298F1ACD7D4900CD60DB /* SVProgressHUD.m */,
			);
			name = SVProgressHUD;
			path = ../../Example/TestMigrator/SVProgressHUD;
			sourceTree = SOURCE_ROOT;
		};
		23FC29931ACD7DA700CD60DB /* CDMigrator */ = {
			isa = PBXGroup;
			children = (
				23FC29941ACD7DA700CD60DB /* CDMigrationManager.h */,
				23FC29951ACD7DA700CD60DB /* CDMigrationManager.m */,
				23FC29961ACD7DA700CD60DB /* CDMigrator.h */,
				23FC29971ACD7DA700CD60DB /* CDMigrator.m */,
			);
			name = CDMigrator;
			path = ../../CDMigrator;
			sourceTree = SOURCE_ROOT;
		};
		23FC299A1ACD87D200CD60DB /* Core Data Base */ = {
			isa = PBXGroup;
			children = (
				23FC29A11ACD89DD00CD60DB /* TestMigrator.xcdatamodeld */,
			);
			name = "Core Data Base";
			sourceTree = "<group>";
		};
/* End PBXGroup section */

/* Begin PBXNativeTarget section */
		23FC295D1ACD6F9C00CD60DB /* UnitTestMigrator */ = {
			isa = PBXNativeTarget;
			buildConfigurationList = 23FC29841ACD6F9D00CD60DB /* Build configuration list for PBXNativeTarget "UnitTestMigrator" */;
			buildPhases = (
				23FC295A1ACD6F9C00CD60DB /* Sources */,
				23FC295B1ACD6F9C00CD60DB /* Frameworks */,
				23FC295C1ACD6F9C00CD60DB /* Resources */,
			);
			buildRules = (
			);
			dependencies = (
			);
			name = UnitTestMigrator;
			productName = UnitTestMigrator;
			productReference = 23FC295E1ACD6F9C00CD60DB /* UnitTestMigrator.app */;
			productType = "com.apple.product-type.application";
		};
		23FC29791ACD6F9D00CD60DB /* UnitTestMigratorTests */ = {
			isa = PBXNativeTarget;
			buildConfigurationList = 23FC29871ACD6F9D00CD60DB /* Build configuration list for PBXNativeTarget "UnitTestMigratorTests" */;
			buildPhases = (
				23FC29761ACD6F9D00CD60DB /* Sources */,
				23FC29771ACD6F9D00CD60DB /* Frameworks */,
				23FC29781ACD6F9D00CD60DB /* Resources */,
			);
			buildRules = (
			);
			dependencies = (
				23FC297C1ACD6F9D00CD60DB /* PBXTargetDependency */,
			);
			name = UnitTestMigratorTests;
			productName = UnitTestMigratorTests;
			productReference = 23FC297A1ACD6F9D00CD60DB /* UnitTestMigratorTests.xctest */;
			productType = "com.apple.product-type.bundle.unit-test";
		};
/* End PBXNativeTarget section */

/* Begin PBXProject section */
		23FC29561ACD6F9C00CD60DB /* Project object */ = {
			isa = PBXProject;
			attributes = {
				LastUpgradeCheck = 0620;
				ORGANIZATIONNAME = "Zmachinsky Sergei";
				TargetAttributes = {
					23FC295D1ACD6F9C00CD60DB = {
						CreatedOnToolsVersion = 6.2;
					};
					23FC29791ACD6F9D00CD60DB = {
						CreatedOnToolsVersion = 6.2;
						TestTargetID = 23FC295D1ACD6F9C00CD60DB;
					};
				};
			};
			buildConfigurationList = 23FC29591ACD6F9C00CD60DB /* Build configuration list for PBXProject "UnitTestMigrator" */;
			compatibilityVersion = "Xcode 3.2";
			developmentRegion = English;
			hasScannedForEncodings = 0;
			knownRegions = (
				en,
				Base,
			);
			mainGroup = 23FC29551ACD6F9C00CD60DB;
			productRefGroup = 23FC295F1ACD6F9C00CD60DB /* Products */;
			projectDirPath = "";
			projectRoot = "";
			targets = (
				23FC295D1ACD6F9C00CD60DB /* UnitTestMigrator */,
				23FC29791ACD6F9D00CD60DB /* UnitTestMigratorTests */,
			);
		};
/* End PBXProject section */

/* Begin PBXResourcesBuildPhase section */
		23FC295C1ACD6F9C00CD60DB /* Resources */ = {
			isa = PBXResourcesBuildPhase;
			buildActionMask = 2147483647;
			files = (
				23FC29A81ACD91B000CD60DB /* TestMigrator.sqlite in Resources */,
				23FC29701ACD6F9C00CD60DB /* Main.storyboard in Resources */,
				23FC29751ACD6F9C00CD60DB /* LaunchScreen.xib in Resources */,
				23FC29721ACD6F9C00CD60DB /* Images.xcassets in Resources */,
				23FC29911ACD7D4900CD60DB /* SVProgressHUD.bundle in Resources */,
			);
			runOnlyForDeploymentPostprocessing = 0;
		};
		23FC29781ACD6F9D00CD60DB /* Resources */ = {
			isa = PBXResourcesBuildPhase;
			buildActionMask = 2147483647;
			files = (
			);
			runOnlyForDeploymentPostprocessing = 0;
		};
/* End PBXResourcesBuildPhase section */

/* Begin PBXSourcesBuildPhase section */
		23FC295A1ACD6F9C00CD60DB /* Sources */ = {
			isa = PBXSourcesBuildPhase;
			buildActionMask = 2147483647;
			files = (
				23FC29901ACD7D4900CD60DB /* SVIndefiniteAnimatedView.m in Sources */,
				23FC29981ACD7DA700CD60DB /* CDMigrationManager.m in Sources */,
				23FC29991ACD7DA700CD60DB /* CDMigrator.m in Sources */,
				23FC29671ACD6F9C00CD60DB /* AppDelegate.m in Sources */,
				23FC296D1ACD6F9C00CD60DB /* ViewController.m in Sources */,
				23FC29641ACD6F9C00CD60DB /* main.m in Sources */,
				23FC29A61ACD89DD00CD60DB /* TestMigrator.xcdatamodeld in Sources */,
				23FC29921ACD7D4900CD60DB /* SVProgressHUD.m in Sources */,
			);
			runOnlyForDeploymentPostprocessing = 0;
		};
		23FC29761ACD6F9D00CD60DB /* Sources */ = {
			isa = PBXSourcesBuildPhase;
			buildActionMask = 2147483647;
			files = (
				23FC29811ACD6F9D00CD60DB /* UnitTestMigratorTests.m in Sources */,
			);
			runOnlyForDeploymentPostprocessing = 0;
		};
/* End PBXSourcesBuildPhase section */

/* Begin PBXTargetDependency section */
		23FC297C1ACD6F9D00CD60DB /* PBXTargetDependency */ = {
			isa = PBXTargetDependency;
			target = 23FC295D1ACD6F9C00CD60DB /* UnitTestMigrator */;
			targetProxy = 23FC297B1ACD6F9D00CD60DB /* PBXContainerItemProxy */;
		};
/* End PBXTargetDependency section */

/* Begin PBXVariantGroup section */
		23FC296E1ACD6F9C00CD60DB /* Main.storyboard */ = {
			isa = PBXVariantGroup;
			children = (
				23FC296F1ACD6F9C00CD60DB /* Base */,
			);
			name = Main.storyboard;
			sourceTree = "<group>";
		};
		23FC29731ACD6F9C00CD60DB /* LaunchScreen.xib */ = {
			isa = PBXVariantGroup;
			children = (
				23FC29741ACD6F9C00CD60DB /* Base */,
			);
			name = LaunchScreen.xib;
			sourceTree = "<group>";
		};
/* End PBXVariantGroup section */

/* Begin XCBuildConfiguration section */
		23FC29821ACD6F9D00CD60DB /* Debug */ = {
			isa = XCBuildConfiguration;
			buildSettings = {
				ALWAYS_SEARCH_USER_PATHS = NO;
				CLANG_CXX_LANGUAGE_STANDARD = "gnu++0x";
				CLANG_CXX_LIBRARY = "libc++";
				CLANG_ENABLE_MODULES = YES;
				CLANG_ENABLE_OBJC_ARC = YES;
				CLANG_WARN_BOOL_CONVERSION = YES;
				CLANG_WARN_CONSTANT_CONVERSION = YES;
				CLANG_WARN_DIRECT_OBJC_ISA_USAGE = YES_ERROR;
				CLANG_WARN_EMPTY_BODY = YES;
				CLANG_WARN_ENUM_CONVERSION = YES;
				CLANG_WARN_INT_CONVERSION = YES;
				CLANG_WARN_OBJC_ROOT_CLASS = YES_ERROR;
				CLANG_WARN_UNREACHABLE_CODE = YES;
				CLANG_WARN__DUPLICATE_METHOD_MATCH = YES;
				"CODE_SIGN_IDENTITY[sdk=iphoneos*]" = "iPhone Developer";
				COPY_PHASE_STRIP = NO;
				ENABLE_STRICT_OBJC_MSGSEND = YES;
				GCC_C_LANGUAGE_STANDARD = gnu99;
				GCC_DYNAMIC_NO_PIC = NO;
				GCC_OPTIMIZATION_LEVEL = 0;
				GCC_PREPROCESSOR_DEFINITIONS = (
					"DEBUG=1",
					"$(inherited)",
				);
				GCC_SYMBOLS_PRIVATE_EXTERN = NO;
				GCC_WARN_64_TO_32_BIT_CONVERSION = YES;
				GCC_WARN_ABOUT_RETURN_TYPE = YES_ERROR;
				GCC_WARN_UNDECLARED_SELECTOR = YES;
				GCC_WARN_UNINITIALIZED_AUTOS = YES_AGGRESSIVE;
				GCC_WARN_UNUSED_FUNCTION = YES;
				GCC_WARN_UNUSED_VARIABLE = YES;
				IPHONEOS_DEPLOYMENT_TARGET = 8.2;
				MTL_ENABLE_DEBUG_INFO = YES;
				ONLY_ACTIVE_ARCH = YES;
				SDKROOT = iphoneos;
			};
			name = Debug;
		};
		23FC29831ACD6F9D00CD60DB /* Release */ = {
			isa = XCBuildConfiguration;
			buildSettings = {
				ALWAYS_SEARCH_USER_PATHS = NO;
				CLANG_CXX_LANGUAGE_STANDARD = "gnu++0x";
				CLANG_CXX_LIBRARY = "libc++";
				CLANG_ENABLE_MODULES = YES;
				CLANG_ENABLE_OBJC_ARC = YES;
				CLANG_WARN_BOOL_CONVERSION = YES;
				CLANG_WARN_CONSTANT_CONVERSION = YES;
				CLANG_WARN_DIRECT_OBJC_ISA_USAGE = YES_ERROR;
				CLANG_WARN_EMPTY_BODY = YES;
				CLANG_WARN_ENUM_CONVERSION = YES;
				CLANG_WARN_INT_CONVERSION = YES;
				CLANG_WARN_OBJC_ROOT_CLASS = YES_ERROR;
				CLANG_WARN_UNREACHABLE_CODE = YES;
				CLANG_WARN__DUPLICATE_METHOD_MATCH = YES;
				"CODE_SIGN_IDENTITY[sdk=iphoneos*]" = "iPhone Developer";
				COPY_PHASE_STRIP = NO;
				ENABLE_NS_ASSERTIONS = NO;
				ENABLE_STRICT_OBJC_MSGSEND = YES;
				GCC_C_LANGUAGE_STANDARD = gnu99;
				GCC_WARN_64_TO_32_BIT_CONVERSION = YES;
				GCC_WARN_ABOUT_RETURN_TYPE = YES_ERROR;
				GCC_WARN_UNDECLARED_SELECTOR = YES;
				GCC_WARN_UNINITIALIZED_AUTOS = YES_AGGRESSIVE;
				GCC_WARN_UNUSED_FUNCTION = YES;
				GCC_WARN_UNUSED_VARIABLE = YES;
				IPHONEOS_DEPLOYMENT_TARGET = 8.2;
				MTL_ENABLE_DEBUG_INFO = NO;
				SDKROOT = iphoneos;
				VALIDATE_PRODUCT = YES;
			};
			name = Release;
		};
		23FC29851ACD6F9D00CD60DB /* Debug */ = {
			isa = XCBuildConfiguration;
			buildSettings = {
				ASSETCATALOG_COMPILER_APPICON_NAME = AppIcon;
				INFOPLIST_FILE = UnitTestMigrator/Info.plist;
				IPHONEOS_DEPLOYMENT_TARGET = 7.0;
				LD_RUNPATH_SEARCH_PATHS = "$(inherited) @executable_path/Frameworks";
				PRODUCT_NAME = "$(TARGET_NAME)";
			};
			name = Debug;
		};
		23FC29861ACD6F9D00CD60DB /* Release */ = {
			isa = XCBuildConfiguration;
			buildSettings = {
				ASSETCATALOG_COMPILER_APPICON_NAME = AppIcon;
				INFOPLIST_FILE = UnitTestMigrator/Info.plist;
				IPHONEOS_DEPLOYMENT_TARGET = 7.0;
				LD_RUNPATH_SEARCH_PATHS = "$(inherited) @executable_path/Frameworks";
				PRODUCT_NAME = "$(TARGET_NAME)";
			};
			name = Release;
		};
		23FC29881ACD6F9D00CD60DB /* Debug */ = {
			isa = XCBuildConfiguration;
			buildSettings = {
				BUNDLE_LOADER = "$(TEST_HOST)";
				FRAMEWORK_SEARCH_PATHS = (
					"$(SDKROOT)/Developer/Library/Frameworks",
					"$(inherited)",
				);
				GCC_PREPROCESSOR_DEFINITIONS = (
					"DEBUG=1",
					"$(inherited)",
				);
				INFOPLIST_FILE = UnitTestMigratorTests/Info.plist;
				LD_RUNPATH_SEARCH_PATHS = "$(inherited) @executable_path/Frameworks @loader_path/Frameworks";
				PRODUCT_NAME = "$(TARGET_NAME)";
				TEST_HOST = "$(BUILT_PRODUCTS_DIR)/UnitTestMigrator.app/UnitTestMigrator";
			};
			name = Debug;
		};
		23FC29891ACD6F9D00CD60DB /* Release */ = {
			isa = XCBuildConfiguration;
			buildSettings = {
				BUNDLE_LOADER = "$(TEST_HOST)";
				FRAMEWORK_SEARCH_PATHS = (
					"$(SDKROOT)/Developer/Library/Frameworks",
					"$(inherited)",
				);
				INFOPLIST_FILE = UnitTestMigratorTests/Info.plist;
				LD_RUNPATH_SEARCH_PATHS = "$(inherited) @executable_path/Frameworks @loader_path/Frameworks";
				PRODUCT_NAME = "$(TARGET_NAME)";
				TEST_HOST = "$(BUILT_PRODUCTS_DIR)/UnitTestMigrator.app/UnitTestMigrator";
			};
			name = Release;
		};
/* End XCBuildConfiguration section */

/* Begin XCConfigurationList section */
		23FC29591ACD6F9C00CD60DB /* Build configuration list for PBXProject "UnitTestMigrator" */ = {
			isa = XCConfigurationList;
			buildConfigurations = (
				23FC29821ACD6F9D00CD60DB /* Debug */,
				23FC29831ACD6F9D00CD60DB /* Release */,
			);
			defaultConfigurationIsVisible = 0;
			defaultConfigurationName = Release;
		};
		23FC29841ACD6F9D00CD60DB /* Build configuration list for PBXNativeTarget "UnitTestMigrator" */ = {
			isa = XCConfigurationList;
			buildConfigurations = (
				23FC29851ACD6F9D00CD60DB /* Debug */,
				23FC29861ACD6F9D00CD60DB /* Release */,
			);
			defaultConfigurationIsVisible = 0;
		};
		23FC29871ACD6F9D00CD60DB /* Build configuration list for PBXNativeTarget "UnitTestMigratorTests" */ = {
			isa = XCConfigurationList;
			buildConfigurations = (
				23FC29881ACD6F9D00CD60DB /* Debug */,
				23FC29891ACD6F9D00CD60DB /* Release */,
			);
			defaultConfigurationIsVisible = 0;
		};
/* End XCConfigurationList section */

/* Begin XCVersionGroup section */
		23FC29A11ACD89DD00CD60DB /* TestMigrator.xcdatamodeld */ = {
			isa = XCVersionGroup;
			children = (
				23FC29A21ACD89DD00CD60DB /* TestMigrator 2.xcdatamodel */,
				23FC29A31ACD89DD00CD60DB /* TestMigrator 3.xcdatamodel */,
				23FC29A41ACD89DD00CD60DB /* TestMigrator 4.xcdatamodel */,
				23FC29A51ACD89DD00CD60DB /* TestMigrator.xcdatamodel */,
			);
			currentVersion = 23FC29A41ACD89DD00CD60DB /* TestMigrator 4.xcdatamodel */;
			name = TestMigrator.xcdatamodeld;
			path = ../../../Example/TestMigrator/TestMigrator.xcdatamodeld;
			sourceTree = "<group>";
			versionGroupType = wrapper.xcdatamodel;
		};
/* End XCVersionGroup section */
	};
	rootObject = 23FC29561ACD6F9C00CD60DB /* Project object */;
}
