// !$*UTF8*$!
{
	archiveVersion = 1;
	classes = {
	};
	objectVersion = 46;
	objects = {

/* Begin PBXBuildFile section */
		D570871E1A0047C30098BF4B /* main.m in Sources */ = {isa = PBXBuildFile; fileRef = D570871D1A0047C30098BF4B /* main.m */; };
		D57087211A0047C30098BF4B /* AppDelegate.m in Sources */ = {isa = PBXBuildFile; fileRef = D57087201A0047C30098BF4B /* AppDelegate.m */; };
		D57087241A0047C30098BF4B /* ViewController.m in Sources */ = {isa = PBXBuildFile; fileRef = D57087231A0047C30098BF4B /* ViewController.m */; };
		D57087271A0047C30098BF4B /* Main.storyboard in Resources */ = {isa = PBXBuildFile; fileRef = D57087251A0047C30098BF4B /* Main.storyboard */; };
		D57087291A0047C30098BF4B /* Images.xcassets in Resources */ = {isa = PBXBuildFile; fileRef = D57087281A0047C30098BF4B /* Images.xcassets */; };
		D570872C1A0047C30098BF4B /* LaunchScreen.xib in Resources */ = {isa = PBXBuildFile; fileRef = D570872A1A0047C30098BF4B /* LaunchScreen.xib */; };
		D57087381A0047C30098BF4B /* tst8_viewTests.m in Sources */ = {isa = PBXBuildFile; fileRef = D57087371A0047C30098BF4B /* tst8_viewTests.m */; };
/* End PBXBuildFile section */

/* Begin PBXContainerItemProxy section */
		D57087321A0047C30098BF4B /* PBXContainerItemProxy */ = {
			isa = PBXContainerItemProxy;
			containerPortal = D57087101A0047C20098BF4B /* Project object */;
			proxyType = 1;
			remoteGlobalIDString = D57087171A0047C20098BF4B;
			remoteInfo = tst8_view;
		};
/* End PBXContainerItemProxy section */

/* Begin PBXFileReference section */
		D57087181A0047C20098BF4B /* tst8_view.app */ = {isa = PBXFileReference; explicitFileType = wrapper.application; includeInIndex = 0; path = tst8_view.app; sourceTree = BUILT_PRODUCTS_DIR; };
		D570871C1A0047C30098BF4B /* Info.plist */ = {isa = PBXFileReference; lastKnownFileType = text.plist.xml; path = Info.plist; sourceTree = "<group>"; };
		D570871D1A0047C30098BF4B /* main.m */ = {isa = PBXFileReference; lastKnownFileType = sourcecode.c.objc; path = main.m; sourceTree = "<group>"; };
		D570871F1A0047C30098BF4B /* AppDelegate.h */ = {isa = PBXFileReference; lastKnownFileType = sourcecode.c.h; path = AppDelegate.h; sourceTree = "<group>"; };
		D57087201A0047C30098BF4B /* AppDelegate.m */ = {isa = PBXFileReference; lastKnownFileType = sourcecode.c.objc; path = AppDelegate.m; sourceTree = "<group>"; };
		D57087221A0047C30098BF4B /* ViewController.h */ = {isa = PBXFileReference; lastKnownFileType = sourcecode.c.h; path = ViewController.h; sourceTree = "<group>"; };
		D57087231A0047C30098BF4B /* ViewController.m */ = {isa = PBXFileReference; lastKnownFileType = sourcecode.c.objc; path = ViewController.m; sourceTree = "<group>"; };
		D57087261A0047C30098BF4B /* Base */ = {isa = PBXFileReference; lastKnownFileType = file.storyboard; name = Base; path = Base.lproj/Main.storyboard; sourceTree = "<group>"; };
		D57087281A0047C30098BF4B /* Images.xcassets */ = {isa = PBXFileReference; lastKnownFileType = folder.assetcatalog; path = Images.xcassets; sourceTree = "<group>"; };
		D570872B1A0047C30098BF4B /* Base */ = {isa = PBXFileReference; lastKnownFileType = file.xib; name = Base; path = Base.lproj/LaunchScreen.xib; sourceTree = "<group>"; };
		D57087311A0047C30098BF4B /* tst8_viewTests.xctest */ = {isa = PBXFileReference; explicitFileType = wrapper.cfbundle; includeInIndex = 0; path = tst8_viewTests.xctest; sourceTree = BUILT_PRODUCTS_DIR; };
		D57087361A0047C30098BF4B /* Info.plist */ = {isa = PBXFileReference; lastKnownFileType = text.plist.xml; path = Info.plist; sourceTree = "<group>"; };
		D57087371A0047C30098BF4B /* tst8_viewTests.m */ = {isa = PBXFileReference; lastKnownFileType = sourcecode.c.objc; path = tst8_viewTests.m; sourceTree = "<group>"; };
/* End PBXFileReference section */

/* Begin PBXFrameworksBuildPhase section */
		D57087151A0047C20098BF4B /* Frameworks */ = {
			isa = PBXFrameworksBuildPhase;
			buildActionMask = 2147483647;
			files = (
			);
			runOnlyForDeploymentPostprocessing = 0;
		};
		D570872E1A0047C30098BF4B /* Frameworks */ = {
			isa = PBXFrameworksBuildPhase;
			buildActionMask = 2147483647;
			files = (
			);
			runOnlyForDeploymentPostprocessing = 0;
		};
/* End PBXFrameworksBuildPhase section */

/* Begin PBXGroup section */
		D570870F1A0047C20098BF4B = {
			isa = PBXGroup;
			children = (
				D570871A1A0047C20098BF4B /* tst8_view */,
				D57087341A0047C30098BF4B /* tst8_viewTests */,
				D57087191A0047C20098BF4B /* Products */,
			);
			sourceTree = "<group>";
		};
		D57087191A0047C20098BF4B /* Products */ = {
			isa = PBXGroup;
			children = (
				D57087181A0047C20098BF4B /* tst8_view.app */,
				D57087311A0047C30098BF4B /* tst8_viewTests.xctest */,
			);
			name = Products;
			sourceTree = "<group>";
		};
		D570871A1A0047C20098BF4B /* tst8_view */ = {
			isa = PBXGroup;
			children = (
				D570871F1A0047C30098BF4B /* AppDelegate.h */,
				D57087201A0047C30098BF4B /* AppDelegate.m */,
				D57087221A0047C30098BF4B /* ViewController.h */,
				D57087231A0047C30098BF4B /* ViewController.m */,
				D57087251A0047C30098BF4B /* Main.storyboard */,
				D57087281A0047C30098BF4B /* Images.xcassets */,
				D570872A1A0047C30098BF4B /* LaunchScreen.xib */,
				D570871B1A0047C20098BF4B /* Supporting Files */,
			);
			path = tst8_view;
			sourceTree = "<group>";
		};
		D570871B1A0047C20098BF4B /* Supporting Files */ = {
			isa = PBXGroup;
			children = (
				D570871C1A0047C30098BF4B /* Info.plist */,
				D570871D1A0047C30098BF4B /* main.m */,
			);
			name = "Supporting Files";
			sourceTree = "<group>";
		};
		D57087341A0047C30098BF4B /* tst8_viewTests */ = {
			isa = PBXGroup;
			children = (
				D57087371A0047C30098BF4B /* tst8_viewTests.m */,
				D57087351A0047C30098BF4B /* Supporting Files */,
			);
			path = tst8_viewTests;
			sourceTree = "<group>";
		};
		D57087351A0047C30098BF4B /* Supporting Files */ = {
			isa = PBXGroup;
			children = (
				D57087361A0047C30098BF4B /* Info.plist */,
			);
			name = "Supporting Files";
			sourceTree = "<group>";
		};
/* End PBXGroup section */

/* Begin PBXNativeTarget section */
		D57087171A0047C20098BF4B /* tst8_view */ = {
			isa = PBXNativeTarget;
			buildConfigurationList = D570873B1A0047C30098BF4B /* Build configuration list for PBXNativeTarget "tst8_view" */;
			buildPhases = (
				D57087141A0047C20098BF4B /* Sources */,
				D57087151A0047C20098BF4B /* Frameworks */,
				D57087161A0047C20098BF4B /* Resources */,
			);
			buildRules = (
			);
			dependencies = (
			);
			name = tst8_view;
			productName = tst8_view;
			productReference = D57087181A0047C20098BF4B /* tst8_view.app */;
			productType = "com.apple.product-type.application";
		};
		D57087301A0047C30098BF4B /* tst8_viewTests */ = {
			isa = PBXNativeTarget;
			buildConfigurationList = D570873E1A0047C30098BF4B /* Build configuration list for PBXNativeTarget "tst8_viewTests" */;
			buildPhases = (
				D570872D1A0047C30098BF4B /* Sources */,
				D570872E1A0047C30098BF4B /* Frameworks */,
				D570872F1A0047C30098BF4B /* Resources */,
			);
			buildRules = (
			);
			dependencies = (
				D57087331A0047C30098BF4B /* PBXTargetDependency */,
			);
			name = tst8_viewTests;
			productName = tst8_viewTests;
			productReference = D57087311A0047C30098BF4B /* tst8_viewTests.xctest */;
			productType = "com.apple.product-type.bundle.unit-test";
		};
/* End PBXNativeTarget section */

/* Begin PBXProject section */
		D57087101A0047C20098BF4B /* Project object */ = {
			isa = PBXProject;
			attributes = {
				LastUpgradeCheck = 0610;
				ORGANIZATIONNAME = Sergei;
				TargetAttributes = {
					D57087171A0047C20098BF4B = {
						CreatedOnToolsVersion = 6.1;
					};
					D57087301A0047C30098BF4B = {
						CreatedOnToolsVersion = 6.1;
						TestTargetID = D57087171A0047C20098BF4B;
					};
				};
			};
			buildConfigurationList = D57087131A0047C20098BF4B /* Build configuration list for PBXProject "tst8_view" */;
			compatibilityVersion = "Xcode 3.2";
			developmentRegion = English;
			hasScannedForEncodings = 0;
			knownRegions = (
				en,
				Base,
			);
			mainGroup = D570870F1A0047C20098BF4B;
			productRefGroup = D57087191A0047C20098BF4B /* Products */;
			projectDirPath = "";
			projectRoot = "";
			targets = (
				D57087171A0047C20098BF4B /* tst8_view */,
				D57087301A0047C30098BF4B /* tst8_viewTests */,
			);
		};
/* End PBXProject section */

/* Begin PBXResourcesBuildPhase section */
		D57087161A0047C20098BF4B /* Resources */ = {
			isa = PBXResourcesBuildPhase;
			buildActionMask = 2147483647;
			files = (
				D57087271A0047C30098BF4B /* Main.storyboard in Resources */,
				D570872C1A0047C30098BF4B /* LaunchScreen.xib in Resources */,
				D57087291A0047C30098BF4B /* Images.xcassets in Resources */,
			);
			runOnlyForDeploymentPostprocessing = 0;
		};
		D570872F1A0047C30098BF4B /* Resources */ = {
			isa = PBXResourcesBuildPhase;
			buildActionMask = 2147483647;
			files = (
			);
			runOnlyForDeploymentPostprocessing = 0;
		};
/* End PBXResourcesBuildPhase section */

/* Begin PBXSourcesBuildPhase section */
		D57087141A0047C20098BF4B /* Sources */ = {
			isa = PBXSourcesBuildPhase;
			buildActionMask = 2147483647;
			files = (
				D57087241A0047C30098BF4B /* ViewController.m in Sources */,
				D57087211A0047C30098BF4B /* AppDelegate.m in Sources */,
				D570871E1A0047C30098BF4B /* main.m in Sources */,
			);
			runOnlyForDeploymentPostprocessing = 0;
		};
		D570872D1A0047C30098BF4B /* Sources */ = {
			isa = PBXSourcesBuildPhase;
			buildActionMask = 2147483647;
			files = (
				D57087381A0047C30098BF4B /* tst8_viewTests.m in Sources */,
			);
			runOnlyForDeploymentPostprocessing = 0;
		};
/* End PBXSourcesBuildPhase section */

/* Begin PBXTargetDependency section */
		D57087331A0047C30098BF4B /* PBXTargetDependency */ = {
			isa = PBXTargetDependency;
			target = D57087171A0047C20098BF4B /* tst8_view */;
			targetProxy = D57087321A0047C30098BF4B /* PBXContainerItemProxy */;
		};
/* End PBXTargetDependency section */

/* Begin PBXVariantGroup section */
		D57087251A0047C30098BF4B /* Main.storyboard */ = {
			isa = PBXVariantGroup;
			children = (
				D57087261A0047C30098BF4B /* Base */,
			);
			name = Main.storyboard;
			sourceTree = "<group>";
		};
		D570872A1A0047C30098BF4B /* LaunchScreen.xib */ = {
			isa = PBXVariantGroup;
			children = (
				D570872B1A0047C30098BF4B /* Base */,
			);
			name = LaunchScreen.xib;
			sourceTree = "<group>";
		};
/* End PBXVariantGroup section */

/* Begin XCBuildConfiguration section */
		D57087391A0047C30098BF4B /* Debug */ = {
			isa = XCBuildConfiguration;
			buildSettings = {
				ALWAYS_SEARCH_USER_PATHS = NO;
				CLANG_CXX_LANGUAGE_STANDARD = "gnu++0x";
				CLANG_CXX_LIBRARY = "libc++";
				CLANG_ENABLE_MODULES = YES;
				CLANG_ENABLE_OBJC_ARC = YES;
				CLANG_WARN_BOOL_CONVERSION = YES;
				CLANG_WARN_CONSTANT_CONVERSION = YES;
				CLANG_WARN_DIRECT_OBJC_ISA_USAGE = YES_ERROR;
				CLANG_WARN_EMPTY_BODY = YES;
				CLANG_WARN_ENUM_CONVERSION = YES;
				CLANG_WARN_INT_CONVERSION = YES;
				CLANG_WARN_OBJC_ROOT_CLASS = YES_ERROR;
				CLANG_WARN_UNREACHABLE_CODE = YES;
				CLANG_WARN__DUPLICATE_METHOD_MATCH = YES;
				"CODE_SIGN_IDENTITY[sdk=iphoneos*]" = "iPhone Developer";
				COPY_PHASE_STRIP = NO;
				ENABLE_STRICT_OBJC_MSGSEND = YES;
				GCC_C_LANGUAGE_STANDARD = gnu99;
				GCC_DYNAMIC_NO_PIC = NO;
				GCC_OPTIMIZATION_LEVEL = 0;
				GCC_PREPROCESSOR_DEFINITIONS = (
					"DEBUG=1",
					"$(inherited)",
				);
				GCC_SYMBOLS_PRIVATE_EXTERN = NO;
				GCC_WARN_64_TO_32_BIT_CONVERSION = YES;
				GCC_WARN_ABOUT_RETURN_TYPE = YES_ERROR;
				GCC_WARN_UNDECLARED_SELECTOR = YES;
				GCC_WARN_UNINITIALIZED_AUTOS = YES_AGGRESSIVE;
				GCC_WARN_UNUSED_FUNCTION = YES;
				GCC_WARN_UNUSED_VARIABLE = YES;
				IPHONEOS_DEPLOYMENT_TARGET = 8.1;
				MTL_ENABLE_DEBUG_INFO = YES;
				ONLY_ACTIVE_ARCH = YES;
				SDKROOT = iphoneos;
			};
			name = Debug;
		};
		D570873A1A0047C30098BF4B /* Release */ = {
			isa = XCBuildConfiguration;
			buildSettings = {
				ALWAYS_SEARCH_USER_PATHS = NO;
				CLANG_CXX_LANGUAGE_STANDARD = "gnu++0x";
				CLANG_CXX_LIBRARY = "libc++";
				CLANG_ENABLE_MODULES = YES;
				CLANG_ENABLE_OBJC_ARC = YES;
				CLANG_WARN_BOOL_CONVERSION = YES;
				CLANG_WARN_CONSTANT_CONVERSION = YES;
				CLANG_WARN_DIRECT_OBJC_ISA_USAGE = YES_ERROR;
				CLANG_WARN_EMPTY_BODY = YES;
				CLANG_WARN_ENUM_CONVERSION = YES;
				CLANG_WARN_INT_CONVERSION = YES;
				CLANG_WARN_OBJC_ROOT_CLASS = YES_ERROR;
				CLANG_WARN_UNREACHABLE_CODE = YES;
				CLANG_WARN__DUPLICATE_METHOD_MATCH = YES;
				"CODE_SIGN_IDENTITY[sdk=iphoneos*]" = "iPhone Developer";
				COPY_PHASE_STRIP = YES;
				ENABLE_NS_ASSERTIONS = NO;
				ENABLE_STRICT_OBJC_MSGSEND = YES;
				GCC_C_LANGUAGE_STANDARD = gnu99;
				GCC_WARN_64_TO_32_BIT_CONVERSION = YES;
				GCC_WARN_ABOUT_RETURN_TYPE = YES_ERROR;
				GCC_WARN_UNDECLARED_SELECTOR = YES;
				GCC_WARN_UNINITIALIZED_AUTOS = YES_AGGRESSIVE;
				GCC_WARN_UNUSED_FUNCTION = YES;
				GCC_WARN_UNUSED_VARIABLE = YES;
				IPHONEOS_DEPLOYMENT_TARGET = 8.1;
				MTL_ENABLE_DEBUG_INFO = NO;
				SDKROOT = iphoneos;
				VALIDATE_PRODUCT = YES;
			};
			name = Release;
		};
		D570873C1A0047C30098BF4B /* Debug */ = {
			isa = XCBuildConfiguration;
			buildSettings = {
				ASSETCATALOG_COMPILER_APPICON_NAME = AppIcon;
				ASSETCATALOG_COMPILER_LAUNCHIMAGE_NAME = LaunchImage;
				INFOPLIST_FILE = tst8_view/Info.plist;
				LD_RUNPATH_SEARCH_PATHS = "$(inherited) @executable_path/Frameworks";
				PRODUCT_NAME = "$(TARGET_NAME)";
			};
			name = Debug;
		};
		D570873D1A0047C30098BF4B /* Release */ = {
			isa = XCBuildConfiguration;
			buildSettings = {
				ASSETCATALOG_COMPILER_APPICON_NAME = AppIcon;
				ASSETCATALOG_COMPILER_LAUNCHIMAGE_NAME = LaunchImage;
				INFOPLIST_FILE = tst8_view/Info.plist;
				LD_RUNPATH_SEARCH_PATHS = "$(inherited) @executable_path/Frameworks";
				PRODUCT_NAME = "$(TARGET_NAME)";
			};
			name = Release;
		};
		D570873F1A0047C30098BF4B /* Debug */ = {
			isa = XCBuildConfiguration;
			buildSettings = {
				BUNDLE_LOADER = "$(TEST_HOST)";
				FRAMEWORK_SEARCH_PATHS = (
					"$(SDKROOT)/Developer/Library/Frameworks",
					"$(inherited)",
				);
				GCC_PREPROCESSOR_DEFINITIONS = (
					"DEBUG=1",
					"$(inherited)",
				);
				INFOPLIST_FILE = tst8_viewTests/Info.plist;
				LD_RUNPATH_SEARCH_PATHS = "$(inherited) @executable_path/Frameworks @loader_path/Frameworks";
				PRODUCT_NAME = "$(TARGET_NAME)";
				TEST_HOST = "$(BUILT_PRODUCTS_DIR)/tst8_view.app/tst8_view";
			};
			name = Debug;
		};
		D57087401A0047C30098BF4B /* Release */ = {
			isa = XCBuildConfiguration;
			buildSettings = {
				BUNDLE_LOADER = "$(TEST_HOST)";
				FRAMEWORK_SEARCH_PATHS = (
					"$(SDKROOT)/Developer/Library/Frameworks",
					"$(inherited)",
				);
				INFOPLIST_FILE = tst8_viewTests/Info.plist;
				LD_RUNPATH_SEARCH_PATHS = "$(inherited) @executable_path/Frameworks @loader_path/Frameworks";
				PRODUCT_NAME = "$(TARGET_NAME)";
				TEST_HOST = "$(BUILT_PRODUCTS_DIR)/tst8_view.app/tst8_view";
			};
			name = Release;
		};
/* End XCBuildConfiguration section */

/* Begin XCConfigurationList section */
		D57087131A0047C20098BF4B /* Build configuration list for PBXProject "tst8_view" */ = {
			isa = XCConfigurationList;
			buildConfigurations = (
				D57087391A0047C30098BF4B /* Debug */,
				D570873A1A0047C30098BF4B /* Release */,
			);
			defaultConfigurationIsVisible = 0;
			defaultConfigurationName = Release;
		};
		D570873B1A0047C30098BF4B /* Build configuration list for PBXNativeTarget "tst8_view" */ = {
			isa = XCConfigurationList;
			buildConfigurations = (
				D570873C1A0047C30098BF4B /* Debug */,
				D570873D1A0047C30098BF4B /* Release */,
			);
			defaultConfigurationIsVisible = 0;
			defaultConfigurationName = Release;
		};
		D570873E1A0047C30098BF4B /* Build configuration list for PBXNativeTarget "tst8_viewTests" */ = {
			isa = XCConfigurationList;
			buildConfigurations = (
				D570873F1A0047C30098BF4B /* Debug */,
				D57087401A0047C30098BF4B /* Release */,
			);
			defaultConfigurationIsVisible = 0;
			defaultConfigurationName = Release;
		};
/* End XCConfigurationList section */
	};
	rootObject = D57087101A0047C20098BF4B /* Project object */;
}
