// !$*UTF8*$!
{
	archiveVersion = 1;
	classes = {
	};
	objectVersion = 46;
	objects = {

/* Begin PBXBuildFile section */
		2373DBD91AD3DBE50088F7C6 /* Model__3_4.xcmappingmodel in Sources */ = {isa = PBXBuildFile; fileRef = 2373DBD81AD3DBE50088F7C6 /* Model__3_4.xcmappingmodel */; };
		238166781ACEC878002DEAD4 /* Model__0_2.xcmappingmodel in Sources */ = {isa = PBXBuildFile; fileRef = 238166761ACEC878002DEAD4 /* Model__0_2.xcmappingmodel */; };
		2381667D1ACED0C3002DEAD4 /* TestMigrator.sqlite in Resources */ = {isa = PBXBuildFile; fileRef = 2381667A1ACED0C3002DEAD4 /* TestMigrator.sqlite */; };
		2381667E1ACED0C3002DEAD4 /* TestMigrator.sqlite-shm in Resources */ = {isa = PBXBuildFile; fileRef = 2381667B1ACED0C3002DEAD4 /* TestMigrator.sqlite-shm */; };
		2381667F1ACED0C3002DEAD4 /* TestMigrator.sqlite-wal in Resources */ = {isa = PBXBuildFile; fileRef = 2381667C1ACED0C3002DEAD4 /* TestMigrator.sqlite-wal */; };
		23D78F7D1ACE70AE00D81298 /* TestMigrator.xcdatamodeld in Sources */ = {isa = PBXBuildFile; fileRef = 23D78F781ACE70AE00D81298 /* TestMigrator.xcdatamodeld */; };
		23D78F831ACE70FE00D81298 /* CDMigrationManager.m in Sources */ = {isa = PBXBuildFile; fileRef = 23D78F801ACE70FE00D81298 /* CDMigrationManager.m */; };
		23D78F841ACE70FE00D81298 /* CDMigrator.m in Sources */ = {isa = PBXBuildFile; fileRef = 23D78F821ACE70FE00D81298 /* CDMigrator.m */; };
		23D78F8D1ACE795300D81298 /* Main.storyboard in Resources */ = {isa = PBXBuildFile; fileRef = 23D78F8B1ACE795300D81298 /* Main.storyboard */; };
		23FC29641ACD6F9C00CD60DB /* main.m in Sources */ = {isa = PBXBuildFile; fileRef = 23FC29631ACD6F9C00CD60DB /* main.m */; };
		23FC29671ACD6F9C00CD60DB /* AppDelegate.m in Sources */ = {isa = PBXBuildFile; fileRef = 23FC29661ACD6F9C00CD60DB /* AppDelegate.m */; };
		23FC296D1ACD6F9C00CD60DB /* ViewController.m in Sources */ = {isa = PBXBuildFile; fileRef = 23FC296C1ACD6F9C00CD60DB /* ViewController.m */; };
		23FC29721ACD6F9C00CD60DB /* Images.xcassets in Resources */ = {isa = PBXBuildFile; fileRef = 23FC29711ACD6F9C00CD60DB /* Images.xcassets */; };
		23FC29901ACD7D4900CD60DB /* SVIndefiniteAnimatedView.m in Sources */ = {isa = PBXBuildFile; fileRef = 23FC298C1ACD7D4900CD60DB /* SVIndefiniteAnimatedView.m */; };
		23FC29911ACD7D4900CD60DB /* SVProgressHUD.bundle in Resources */ = {isa = PBXBuildFile; fileRef = 23FC298D1ACD7D4900CD60DB /* SVProgressHUD.bundle */; };
		23FC29921ACD7D4900CD60DB /* SVProgressHUD.m in Sources */ = {isa = PBXBuildFile; fileRef = 23FC298F1ACD7D4900CD60DB /* SVProgressHUD.m */; };
/* End PBXBuildFile section */

/* Begin PBXFileReference section */
		2373DBD81AD3DBE50088F7C6 /* Model__3_4.xcmappingmodel */ = {isa = PBXFileReference; lastKnownFileType = wrapper.xcmappingmodel; path = Model__3_4.xcmappingmodel; sourceTree = "<group>"; };
		238166711ACE801A002DEAD4 /* UnitTest.pch */ = {isa = PBXFileReference; fileEncoding = 4; lastKnownFileType = sourcecode.c.h; path = UnitTest.pch; sourceTree = SOURCE_ROOT; };
		238166761ACEC878002DEAD4 /* Model__0_2.xcmappingmodel */ = {isa = PBXFileReference; lastKnownFileType = wrapper.xcmappingmodel; path = Model__0_2.xcmappingmodel; sourceTree = "<group>"; };
		2381667A1ACED0C3002DEAD4 /* TestMigrator.sqlite */ = {isa = PBXFileReference; lastKnownFileType = file; path = TestMigrator.sqlite; sourceTree = SOURCE_ROOT; };
		2381667B1ACED0C3002DEAD4 /* TestMigrator.sqlite-shm */ = {isa = PBXFileReference; lastKnownFileType = file; path = "TestMigrator.sqlite-shm"; sourceTree = SOURCE_ROOT; };
		2381667C1ACED0C3002DEAD4 /* TestMigrator.sqlite-wal */ = {isa = PBXFileReference; lastKnownFileType = file; path = "TestMigrator.sqlite-wal"; sourceTree = SOURCE_ROOT; };
		23D78F791ACE70AE00D81298 /* TestMigrator 2.xcdatamodel */ = {isa = PBXFileReference; lastKnownFileType = wrapper.xcdatamodel; path = "TestMigrator 2.xcdatamodel"; sourceTree = "<group>"; };
		23D78F7A1ACE70AE00D81298 /* TestMigrator 3.xcdatamodel */ = {isa = PBXFileReference; lastKnownFileType = wrapper.xcdatamodel; path = "TestMigrator 3.xcdatamodel"; sourceTree = "<group>"; };
		23D78F7B1ACE70AE00D81298 /* TestMigrator 4.xcdatamodel */ = {isa = PBXFileReference; lastKnownFileType = wrapper.xcdatamodel; name = "TestMigrator 4.xcdatamodel"; path = "../Example/TestMigrator/TestMigrator.xcdatamodeld/TestMigrator 4.xcdatamodel"; sourceTree = SOURCE_ROOT; };
		23D78F7C1ACE70AE00D81298 /* TestMigrator.xcdatamodel */ = {isa = PBXFileReference; lastKnownFileType = wrapper.xcdatamodel; path = TestMigrator.xcdatamodel; sourceTree = "<group>"; };
		23D78F7F1ACE70FE00D81298 /* CDMigrationManager.h */ = {isa = PBXFileReference; fileEncoding = 4; lastKnownFileType = sourcecode.c.h; path = CDMigrationManager.h; sourceTree = "<group>"; };
		23D78F801ACE70FE00D81298 /* CDMigrationManager.m */ = {isa = PBXFileReference; fileEncoding = 4; lastKnownFileType = sourcecode.c.objc; path = CDMigrationManager.m; sourceTree = "<group>"; };
		23D78F811ACE70FE00D81298 /* CDMigrator.h */ = {isa = PBXFileReference; fileEncoding = 4; lastKnownFileType = sourcecode.c.h; path = CDMigrator.h; sourceTree = "<group>"; };
		23D78F821ACE70FE00D81298 /* CDMigrator.m */ = {isa = PBXFileReference; fileEncoding = 4; lastKnownFileType = sourcecode.c.objc; path = CDMigrator.m; sourceTree = "<group>"; };
		23D78F8C1ACE795300D81298 /* Base */ = {isa = PBXFileReference; lastKnownFileType = file.storyboard; name = Base; path = Base.lproj/Main.storyboard; sourceTree = SOURCE_ROOT; };
		23FC295E1ACD6F9C00CD60DB /* UnitTestMigrator.app */ = {isa = PBXFileReference; explicitFileType = wrapper.application; includeInIndex = 0; path = UnitTestMigrator.app; sourceTree = BUILT_PRODUCTS_DIR; };
		23FC29621ACD6F9C00CD60DB /* Info.plist */ = {isa = PBXFileReference; lastKnownFileType = text.plist.xml; path = Info.plist; sourceTree = SOURCE_ROOT; };
		23FC29631ACD6F9C00CD60DB /* main.m */ = {isa = PBXFileReference; lastKnownFileType = sourcecode.c.objc; path = main.m; sourceTree = SOURCE_ROOT; };
		23FC29651ACD6F9C00CD60DB /* AppDelegate.h */ = {isa = PBXFileReference; lastKnownFileType = sourcecode.c.h; path = AppDelegate.h; sourceTree = SOURCE_ROOT; };
		23FC29661ACD6F9C00CD60DB /* AppDelegate.m */ = {isa = PBXFileReference; lastKnownFileType = sourcecode.c.objc; path = AppDelegate.m; sourceTree = SOURCE_ROOT; };
		23FC296B1ACD6F9C00CD60DB /* ViewController.h */ = {isa = PBXFileReference; lastKnownFileType = sourcecode.c.h; path = ViewController.h; sourceTree = SOURCE_ROOT; };
		23FC296C1ACD6F9C00CD60DB /* ViewController.m */ = {isa = PBXFileReference; lastKnownFileType = sourcecode.c.objc; path = ViewController.m; sourceTree = SOURCE_ROOT; };
		23FC29711ACD6F9C00CD60DB /* Images.xcassets */ = {isa = PBXFileReference; lastKnownFileType = folder.assetcatalog; path = Images.xcassets; sourceTree = SOURCE_ROOT; };
		23FC29741ACD6F9C00CD60DB /* Base */ = {isa = PBXFileReference; lastKnownFileType = file.xib; name = Base; path = Base.lproj/LaunchScreen.xib; sourceTree = "<group>"; };
		23FC298B1ACD7D4900CD60DB /* SVIndefiniteAnimatedView.h */ = {isa = PBXFileReference; fileEncoding = 4; lastKnownFileType = sourcecode.c.h; path = SVIndefiniteAnimatedView.h; sourceTree = "<group>"; };
		23FC298C1ACD7D4900CD60DB /* SVIndefiniteAnimatedView.m */ = {isa = PBXFileReference; fileEncoding = 4; lastKnownFileType = sourcecode.c.objc; path = SVIndefiniteAnimatedView.m; sourceTree = "<group>"; };
		23FC298D1ACD7D4900CD60DB /* SVProgressHUD.bundle */ = {isa = PBXFileReference; lastKnownFileType = "wrapper.plug-in"; path = SVProgressHUD.bundle; sourceTree = "<group>"; };
		23FC298E1ACD7D4900CD60DB /* SVProgressHUD.h */ = {isa = PBXFileReference; fileEncoding = 4; lastKnownFileType = sourcecode.c.h; path = SVProgressHUD.h; sourceTree = "<group>"; };
		23FC298F1ACD7D4900CD60DB /* SVProgressHUD.m */ = {isa = PBXFileReference; fileEncoding = 4; lastKnownFileType = sourcecode.c.objc; path = SVProgressHUD.m; sourceTree = "<group>"; };
/* End PBXFileReference section */

/* Begin PBXFrameworksBuildPhase section */
		23FC295B1ACD6F9C00CD60DB /* Frameworks */ = {
			isa = PBXFrameworksBuildPhase;
			buildActionMask = 2147483647;
			files = (
			);
			runOnlyForDeploymentPostprocessing = 0;
		};
/* End PBXFrameworksBuildPhase section */

/* Begin PBXGroup section */
		23D78F7E1ACE70FE00D81298 /* CDMigrator */ = {
			isa = PBXGroup;
			children = (
				23D78F7F1ACE70FE00D81298 /* CDMigrationManager.h */,
				23D78F801ACE70FE00D81298 /* CDMigrationManager.m */,
				23D78F811ACE70FE00D81298 /* CDMigrator.h */,
				23D78F821ACE70FE00D81298 /* CDMigrator.m */,
			);
			name = CDMigrator;
			path = ../CDMigrator;
			sourceTree = SOURCE_ROOT;
		};
		23FC29551ACD6F9C00CD60DB = {
			isa = PBXGroup;
			children = (
				23FC29601ACD6F9C00CD60DB /* UnitTestMigrator */,
				23FC295F1ACD6F9C00CD60DB /* Products */,
			);
			sourceTree = "<group>";
		};
		23FC295F1ACD6F9C00CD60DB /* Products */ = {
			isa = PBXGroup;
			children = (
				23FC295E1ACD6F9C00CD60DB /* UnitTestMigrator.app */,
			);
			name = Products;
			sourceTree = "<group>";
		};
		23FC29601ACD6F9C00CD60DB /* UnitTestMigrator */ = {
			isa = PBXGroup;
			children = (
				23FC298A1ACD7D4900CD60DB /* SVProgressHUD */,
				23FC299A1ACD87D200CD60DB /* Core Data Base */,
				23D78F7E1ACE70FE00D81298 /* CDMigrator */,
				23FC296B1ACD6F9C00CD60DB /* ViewController.h */,
				23FC296C1ACD6F9C00CD60DB /* ViewController.m */,
				23FC29651ACD6F9C00CD60DB /* AppDelegate.h */,
				23FC29661ACD6F9C00CD60DB /* AppDelegate.m */,
				23FC29611ACD6F9C00CD60DB /* Supporting Files */,
			);
			path = UnitTestMigrator;
			sourceTree = "<group>";
		};
		23FC29611ACD6F9C00CD60DB /* Supporting Files */ = {
			isa = PBXGroup;
			children = (
				2381667A1ACED0C3002DEAD4 /* TestMigrator.sqlite */,
				2381667B1ACED0C3002DEAD4 /* TestMigrator.sqlite-shm */,
				2381667C1ACED0C3002DEAD4 /* TestMigrator.sqlite-wal */,
				238166711ACE801A002DEAD4 /* UnitTest.pch */,
				23D78F8B1ACE795300D81298 /* Main.storyboard */,
				23FC29731ACD6F9C00CD60DB /* LaunchScreen.xib */,
				23FC29711ACD6F9C00CD60DB /* Images.xcassets */,
				23FC29621ACD6F9C00CD60DB /* Info.plist */,
				23FC29631ACD6F9C00CD60DB /* main.m */,
			);
			name = "Supporting Files";
			sourceTree = "<group>";
		};
		23FC298A1ACD7D4900CD60DB /* SVProgressHUD */ = {
			isa = PBXGroup;
			children = (
				23FC298B1ACD7D4900CD60DB /* SVIndefiniteAnimatedView.h */,
				23FC298C1ACD7D4900CD60DB /* SVIndefiniteAnimatedView.m */,
				23FC298D1ACD7D4900CD60DB /* SVProgressHUD.bundle */,
				23FC298E1ACD7D4900CD60DB /* SVProgressHUD.h */,
				23FC298F1ACD7D4900CD60DB /* SVProgressHUD.m */,
			);
			name = SVProgressHUD;
			path = ../Example/TestMigrator/SVProgressHUD;
			sourceTree = SOURCE_ROOT;
		};
		23FC299A1ACD87D200CD60DB /* Core Data Base */ = {
			isa = PBXGroup;
			children = (
				23D78F781ACE70AE00D81298 /* TestMigrator.xcdatamodeld */,
				238166761ACEC878002DEAD4 /* Model__0_2.xcmappingmodel */,
				2373DBD81AD3DBE50088F7C6 /* Model__3_4.xcmappingmodel */,
			);
			name = "Core Data Base";
			sourceTree = SOURCE_ROOT;
		};
/* End PBXGroup section */

/* Begin PBXNativeTarget section */
		23FC295D1ACD6F9C00CD60DB /* UnitTestMigrator */ = {
			isa = PBXNativeTarget;
			buildConfigurationList = 23FC29841ACD6F9D00CD60DB /* Build configuration list for PBXNativeTarget "UnitTestMigrator" */;
			buildPhases = (
				23FC295A1ACD6F9C00CD60DB /* Sources */,
				23FC295B1ACD6F9C00CD60DB /* Frameworks */,
				23FC295C1ACD6F9C00CD60DB /* Resources */,
			);
			buildRules = (
			);
			dependencies = (
			);
			name = UnitTestMigrator;
			productName = UnitTestMigrator;
			productReference = 23FC295E1ACD6F9C00CD60DB /* UnitTestMigrator.app */;
			productType = "com.apple.product-type.application";
		};
/* End PBXNativeTarget section */

/* Begin PBXProject section */
		23FC29561ACD6F9C00CD60DB /* Project object */ = {
			isa = PBXProject;
			attributes = {
				LastUpgradeCheck = 0830;
				ORGANIZATIONNAME = "Zmachinsky Sergei";
				TargetAttributes = {
					23FC295D1ACD6F9C00CD60DB = {
						CreatedOnToolsVersion = 6.2;
						DevelopmentTeam = 68XV6NYX8A;
						ProvisioningStyle = Automatic;
					};
				};
			};
			buildConfigurationList = 23FC29591ACD6F9C00CD60DB /* Build configuration list for PBXProject "UnitTestMigrator" */;
			compatibilityVersion = "Xcode 3.2";
			developmentRegion = English;
			hasScannedForEncodings = 0;
			knownRegions = (
				en,
				Base,
			);
			mainGroup = 23FC29551ACD6F9C00CD60DB;
			productRefGroup = 23FC295F1ACD6F9C00CD60DB /* Products */;
			projectDirPath = "";
			projectRoot = "";
			targets = (
				23FC295D1ACD6F9C00CD60DB /* UnitTestMigrator */,
			);
		};
/* End PBXProject section */

/* Begin PBXResourcesBuildPhase section */
		23FC295C1ACD6F9C00CD60DB /* Resources */ = {
			isa = PBXResourcesBuildPhase;
			buildActionMask = 2147483647;
			files = (
				2381667D1ACED0C3002DEAD4 /* TestMigrator.sqlite in Resources */,
				23FC29721ACD6F9C00CD60DB /* Images.xcassets in Resources */,
				23FC29911ACD7D4900CD60DB /* SVProgressHUD.bundle in Resources */,
				2381667F1ACED0C3002DEAD4 /* TestMigrator.sqlite-wal in Resources */,
				2381667E1ACED0C3002DEAD4 /* TestMigrator.sqlite-shm in Resources */,
				23D78F8D1ACE795300D81298 /* Main.storyboard in Resources */,
			);
			runOnlyForDeploymentPostprocessing = 0;
		};
/* End PBXResourcesBuildPhase section */

/* Begin PBXSourcesBuildPhase section */
		23FC295A1ACD6F9C00CD60DB /* Sources */ = {
			isa = PBXSourcesBuildPhase;
			buildActionMask = 2147483647;
			files = (
				2373DBD91AD3DBE50088F7C6 /* Model__3_4.xcmappingmodel in Sources */,
				23FC29901ACD7D4900CD60DB /* SVIndefiniteAnimatedView.m in Sources */,
				23D78F831ACE70FE00D81298 /* CDMigrationManager.m in Sources */,
				23FC29671ACD6F9C00CD60DB /* AppDelegate.m in Sources */,
				23D78F841ACE70FE00D81298 /* CDMigrator.m in Sources */,
				23FC296D1ACD6F9C00CD60DB /* ViewController.m in Sources */,
				23FC29641ACD6F9C00CD60DB /* main.m in Sources */,
				23D78F7D1ACE70AE00D81298 /* TestMigrator.xcdatamodeld in Sources */,
				238166781ACEC878002DEAD4 /* Model__0_2.xcmappingmodel in Sources */,
				23FC29921ACD7D4900CD60DB /* SVProgressHUD.m in Sources */,
			);
			runOnlyForDeploymentPostprocessing = 0;
		};
/* End PBXSourcesBuildPhase section */

/* Begin PBXVariantGroup section */
		23D78F8B1ACE795300D81298 /* Main.storyboard */ = {
			isa = PBXVariantGroup;
			children = (
				23D78F8C1ACE795300D81298 /* Base */,
			);
			name = Main.storyboard;
			sourceTree = "<group>";
		};
		23FC29731ACD6F9C00CD60DB /* LaunchScreen.xib */ = {
			isa = PBXVariantGroup;
			children = (
				23FC29741ACD6F9C00CD60DB /* Base */,
			);
			name = LaunchScreen.xib;
			sourceTree = "<group>";
		};
/* End PBXVariantGroup section */

/* Begin XCBuildConfiguration section */
		23FC29821ACD6F9D00CD60DB /* Debug */ = {
			isa = XCBuildConfiguration;
			buildSettings = {
				ALWAYS_SEARCH_USER_PATHS = NO;
				CLANG_CXX_LANGUAGE_STANDARD = "gnu++0x";
				CLANG_CXX_LIBRARY = "libc++";
				CLANG_ENABLE_MODULES = YES;
				CLANG_ENABLE_OBJC_ARC = YES;
				CLANG_WARN_BOOL_CONVERSION = YES;
				CLANG_WARN_CONSTANT_CONVERSION = YES;
				CLANG_WARN_DIRECT_OBJC_ISA_USAGE = YES_ERROR;
				CLANG_WARN_EMPTY_BODY = YES;
				CLANG_WARN_ENUM_CONVERSION = YES;
				CLANG_WARN_INFINITE_RECURSION = YES;
				CLANG_WARN_INT_CONVERSION = YES;
				CLANG_WARN_OBJC_ROOT_CLASS = YES_ERROR;
				CLANG_WARN_SUSPICIOUS_MOVE = YES;
				CLANG_WARN_UNREACHABLE_CODE = YES;
				CLANG_WARN__DUPLICATE_METHOD_MATCH = YES;
				"CODE_SIGN_IDENTITY[sdk=iphoneos*]" = "iPhone Developer";
				COPY_PHASE_STRIP = NO;
				ENABLE_STRICT_OBJC_MSGSEND = YES;
				ENABLE_TESTABILITY = YES;
				GCC_C_LANGUAGE_STANDARD = gnu99;
				GCC_DYNAMIC_NO_PIC = NO;
				GCC_NO_COMMON_BLOCKS = YES;
				GCC_OPTIMIZATION_LEVEL = 0;
				GCC_PREPROCESSOR_DEFINITIONS = (
					"DEBUG=1",
					"$(inherited)",
				);
				GCC_SYMBOLS_PRIVATE_EXTERN = NO;
				GCC_WARN_64_TO_32_BIT_CONVERSION = YES;
				GCC_WARN_ABOUT_RETURN_TYPE = YES_ERROR;
				GCC_WARN_UNDECLARED_SELECTOR = YES;
				GCC_WARN_UNINITIALIZED_AUTOS = YES_AGGRESSIVE;
				GCC_WARN_UNUSED_FUNCTION = YES;
				GCC_WARN_UNUSED_VARIABLE = YES;
				IPHONEOS_DEPLOYMENT_TARGET = 8.0;
				MTL_ENABLE_DEBUG_INFO = YES;
				ONLY_ACTIVE_ARCH = YES;
				SDKROOT = iphoneos;
			};
			name = Debug;
		};
		23FC29831ACD6F9D00CD60DB /* Release */ = {
			isa = XCBuildConfiguration;
			buildSettings = {
				ALWAYS_SEARCH_USER_PATHS = NO;
				CLANG_CXX_LANGUAGE_STANDARD = "gnu++0x";
				CLANG_CXX_LIBRARY = "libc++";
				CLANG_ENABLE_MODULES = YES;
				CLANG_ENABLE_OBJC_ARC = YES;
				CLANG_WARN_BOOL_CONVERSION = YES;
				CLANG_WARN_CONSTANT_CONVERSION = YES;
				CLANG_WARN_DIRECT_OBJC_ISA_USAGE = YES_ERROR;
				CLANG_WARN_EMPTY_BODY = YES;
				CLANG_WARN_ENUM_CONVERSION = YES;
				CLANG_WARN_INFINITE_RECURSION = YES;
				CLANG_WARN_INT_CONVERSION = YES;
				CLANG_WARN_OBJC_ROOT_CLASS = YES_ERROR;
				CLANG_WARN_SUSPICIOUS_MOVE = YES;
				CLANG_WARN_UNREACHABLE_CODE = YES;
				CLANG_WARN__DUPLICATE_METHOD_MATCH = YES;
				"CODE_SIGN_IDENTITY[sdk=iphoneos*]" = "iPhone Developer";
				COPY_PHASE_STRIP = NO;
				ENABLE_NS_ASSERTIONS = NO;
				ENABLE_STRICT_OBJC_MSGSEND = YES;
				GCC_C_LANGUAGE_STANDARD = gnu99;
				GCC_NO_COMMON_BLOCKS = YES;
				GCC_WARN_64_TO_32_BIT_CONVERSION = YES;
				GCC_WARN_ABOUT_RETURN_TYPE = YES_ERROR;
				GCC_WARN_UNDECLARED_SELECTOR = YES;
				GCC_WARN_UNINITIALIZED_AUTOS = YES_AGGRESSIVE;
				GCC_WARN_UNUSED_FUNCTION = YES;
				GCC_WARN_UNUSED_VARIABLE = YES;
				IPHONEOS_DEPLOYMENT_TARGET = 8.0;
				MTL_ENABLE_DEBUG_INFO = NO;
				SDKROOT = iphoneos;
				VALIDATE_PRODUCT = YES;
			};
			name = Release;
		};
		23FC29851ACD6F9D00CD60DB /* Debug */ = {
			isa = XCBuildConfiguration;
			buildSettings = {
				ASSETCATALOG_COMPILER_APPICON_NAME = AppIcon;
				"CODE_SIGN_IDENTITY[sdk=iphoneos*]" = "iPhone Developer";
				DEVELOPMENT_TEAM = 68XV6NYX8A;
				GCC_PRECOMPILE_PREFIX_HEADER = YES;
				GCC_PREFIX_HEADER = UnitTest.pch;
				INFOPLIST_FILE = Info.plist;
				IPHONEOS_DEPLOYMENT_TARGET = 8.0;
				LD_RUNPATH_SEARCH_PATHS = "$(inherited) @executable_path/Frameworks";
				PRODUCT_BUNDLE_IDENTIFIER = "minsk.$(PRODUCT_NAME:rfc1034identifier)";
				PRODUCT_NAME = "$(TARGET_NAME)";
				PROVISIONING_PROFILE_SPECIFIER = "";
			};
			name = Debug;
		};
		23FC29861ACD6F9D00CD60DB /* Release */ = {
			isa = XCBuildConfiguration;
			buildSettings = {
				ASSETCATALOG_COMPILER_APPICON_NAME = AppIcon;
				"CODE_SIGN_IDENTITY[sdk=iphoneos*]" = "iPhone Developer";
				DEVELOPMENT_TEAM = 68XV6NYX8A;
				GCC_PRECOMPILE_PREFIX_HEADER = YES;
				GCC_PREFIX_HEADER = UnitTest.pch;
				INFOPLIST_FILE = Info.plist;
				IPHONEOS_DEPLOYMENT_TARGET = 8.0;
				LD_RUNPATH_SEARCH_PATHS = "$(inherited) @executable_path/Frameworks";
				PRODUCT_BUNDLE_IDENTIFIER = "minsk.$(PRODUCT_NAME:rfc1034identifier)";
				PRODUCT_NAME = "$(TARGET_NAME)";
				PROVISIONING_PROFILE_SPECIFIER = "";
			};
			name = Release;
		};
/* End XCBuildConfiguration section */

/* Begin XCConfigurationList section */
		23FC29591ACD6F9C00CD60DB /* Build configuration list for PBXProject "UnitTestMigrator" */ = {
			isa = XCConfigurationList;
			buildConfigurations = (
				23FC29821ACD6F9D00CD60DB /* Debug */,
				23FC29831ACD6F9D00CD60DB /* Release */,
			);
			defaultConfigurationIsVisible = 0;
			defaultConfigurationName = Release;
		};
		23FC29841ACD6F9D00CD60DB /* Build configuration list for PBXNativeTarget "UnitTestMigrator" */ = {
			isa = XCConfigurationList;
			buildConfigurations = (
				23FC29851ACD6F9D00CD60DB /* Debug */,
				23FC29861ACD6F9D00CD60DB /* Release */,
			);
			defaultConfigurationIsVisible = 0;
			defaultConfigurationName = Release;
		};
/* End XCConfigurationList section */

/* Begin XCVersionGroup section */
		23D78F781ACE70AE00D81298 /* TestMigrator.xcdatamodeld */ = {
			isa = XCVersionGroup;
			children = (
				23D78F791ACE70AE00D81298 /* TestMigrator 2.xcdatamodel */,
				23D78F7A1ACE70AE00D81298 /* TestMigrator 3.xcdatamodel */,
				23D78F7B1ACE70AE00D81298 /* TestMigrator 4.xcdatamodel */,
				23D78F7C1ACE70AE00D81298 /* TestMigrator.xcdatamodel */,
			);
			currentVersion = 23D78F7B1ACE70AE00D81298 /* TestMigrator 4.xcdatamodel */;
			name = TestMigrator.xcdatamodeld;
			path = ../Example/TestMigrator/TestMigrator.xcdatamodeld;
			sourceTree = "<group>";
			versionGroupType = wrapper.xcdatamodel;
		};
/* End XCVersionGroup section */
	};
	rootObject = 23FC29561ACD6F9C00CD60DB /* Project object */;
}
