// !$*UTF8*$!
{
	archiveVersion = 1;
	classes = {
	};
	objectVersion = 46;
	objects = {

/* Begin PBXBuildFile section */
		234107C21AAED8CB00218394 /* Model_3_to_4.xcmappingmodel in Sources */ = {isa = PBXBuildFile; fileRef = 234107C11AAED8CB00218394 /* Model_3_to_4.xcmappingmodel */; };
		23697FE01AA85B67009CC9F3 /* main.m in Sources */ = {isa = PBXBuildFile; fileRef = 23697FDF1AA85B67009CC9F3 /* main.m */; };
		23697FE31AA85B67009CC9F3 /* AppDelegate.m in Sources */ = {isa = PBXBuildFile; fileRef = 23697FE21AA85B67009CC9F3 /* AppDelegate.m */; };
		23697FE91AA85B67009CC9F3 /* MasterViewController.m in Sources */ = {isa = PBXBuildFile; fileRef = 23697FE81AA85B67009CC9F3 /* MasterViewController.m */; };
		23697FEF1AA85B67009CC9F3 /* Main.storyboard in Resources */ = {isa = PBXBuildFile; fileRef = 23697FED1AA85B67009CC9F3 /* Main.storyboard */; };
		23697FF11AA85B67009CC9F3 /* Images.xcassets in Resources */ = {isa = PBXBuildFile; fileRef = 23697FF01AA85B67009CC9F3 /* Images.xcassets */; };
		23697FF41AA85B67009CC9F3 /* LaunchScreen.xib in Resources */ = {isa = PBXBuildFile; fileRef = 23697FF21AA85B67009CC9F3 /* LaunchScreen.xib */; };
		236980001AA85B67009CC9F3 /* Core_TestTests.m in Sources */ = {isa = PBXBuildFile; fileRef = 23697FFF1AA85B67009CC9F3 /* Core_TestTests.m */; };
		2369800C1AA86873009CC9F3 /* Core_Test.xcdatamodeld in Sources */ = {isa = PBXBuildFile; fileRef = 2369800A1AA86873009CC9F3 /* Core_Test.xcdatamodeld */; };
		236980101AA87B5A009CC9F3 /* Detail_VC.m in Sources */ = {isa = PBXBuildFile; fileRef = 2369800E1AA87B5A009CC9F3 /* Detail_VC.m */; };
		236980111AA87B5A009CC9F3 /* Detail_VC.xib in Resources */ = {isa = PBXBuildFile; fileRef = 2369800F1AA87B5A009CC9F3 /* Detail_VC.xib */; };
		2390C0981AB18730008B5F85 /* Migration_4_5.m in Sources */ = {isa = PBXBuildFile; fileRef = 2390C0971AB18730008B5F85 /* Migration_4_5.m */; };
		2390C09A1AB194FA008B5F85 /* Model_3_5.xcmappingmodel in Sources */ = {isa = PBXBuildFile; fileRef = 2390C0991AB194FA008B5F85 /* Model_3_5.xcmappingmodel */; };
		23AAC3E41AADA85700F7D0DC /* Migration_3_4.m in Sources */ = {isa = PBXBuildFile; fileRef = 23AAC3E31AADA85700F7D0DC /* Migration_3_4.m */; };
		23AAC3EA1AADC0C400F7D0DC /* NewEvent.m in Sources */ = {isa = PBXBuildFile; fileRef = 23AAC3E91AADC0C400F7D0DC /* NewEvent.m */; };
		23AAC3F11AADE9D000F7D0DC /* MigrationManager_4_5.m in Sources */ = {isa = PBXBuildFile; fileRef = 23AAC3F01AADE9D000F7D0DC /* MigrationManager_4_5.m */; };
		23E58E401AAF49E800791501 /* Model_4_5.xcmappingmodel in Sources */ = {isa = PBXBuildFile; fileRef = 23E58E3F1AAF49E800791501 /* Model_4_5.xcmappingmodel */; };
		D573D48E1AB6286400E356D9 /* Model_2_3.xcmappingmodel in Sources */ = {isa = PBXBuildFile; fileRef = D573D48D1AB6286400E356D9 /* Model_2_3.xcmappingmodel */; };
/* End PBXBuildFile section */

/* Begin PBXContainerItemProxy section */
		23697FFA1AA85B67009CC9F3 /* PBXContainerItemProxy */ = {
			isa = PBXContainerItemProxy;
			containerPortal = 23697FD21AA85B67009CC9F3 /* Project object */;
			proxyType = 1;
			remoteGlobalIDString = 23697FD91AA85B67009CC9F3;
			remoteInfo = Core_Test;
		};
/* End PBXContainerItemProxy section */

/* Begin PBXFileReference section */
		234107C11AAED8CB00218394 /* Model_3_to_4.xcmappingmodel */ = {isa = PBXFileReference; lastKnownFileType = wrapper.xcmappingmodel; path = Model_3_to_4.xcmappingmodel; sourceTree = "<group>"; };
		23697FDA1AA85B67009CC9F3 /* Core_Test.app */ = {isa = PBXFileReference; explicitFileType = wrapper.application; includeInIndex = 0; path = Core_Test.app; sourceTree = BUILT_PRODUCTS_DIR; };
		23697FDE1AA85B67009CC9F3 /* Info.plist */ = {isa = PBXFileReference; lastKnownFileType = text.plist.xml; path = Info.plist; sourceTree = "<group>"; };
		23697FDF1AA85B67009CC9F3 /* main.m */ = {isa = PBXFileReference; lastKnownFileType = sourcecode.c.objc; path = main.m; sourceTree = "<group>"; };
		23697FE11AA85B67009CC9F3 /* AppDelegate.h */ = {isa = PBXFileReference; lastKnownFileType = sourcecode.c.h; path = AppDelegate.h; sourceTree = "<group>"; };
		23697FE21AA85B67009CC9F3 /* AppDelegate.m */ = {isa = PBXFileReference; lastKnownFileType = sourcecode.c.objc; path = AppDelegate.m; sourceTree = "<group>"; };
		23697FE71AA85B67009CC9F3 /* MasterViewController.h */ = {isa = PBXFileReference; lastKnownFileType = sourcecode.c.h; path = MasterViewController.h; sourceTree = "<group>"; };
		23697FE81AA85B67009CC9F3 /* MasterViewController.m */ = {isa = PBXFileReference; lastKnownFileType = sourcecode.c.objc; path = MasterViewController.m; sourceTree = "<group>"; };
		23697FEE1AA85B67009CC9F3 /* Base */ = {isa = PBXFileReference; lastKnownFileType = file.storyboard; name = Base; path = Base.lproj/Main.storyboard; sourceTree = "<group>"; };
		23697FF01AA85B67009CC9F3 /* Images.xcassets */ = {isa = PBXFileReference; lastKnownFileType = folder.assetcatalog; path = Images.xcassets; sourceTree = "<group>"; };
		23697FF31AA85B67009CC9F3 /* Base */ = {isa = PBXFileReference; lastKnownFileType = file.xib; name = Base; path = Base.lproj/LaunchScreen.xib; sourceTree = "<group>"; };
		23697FF91AA85B67009CC9F3 /* Core_TestTests.xctest */ = {isa = PBXFileReference; explicitFileType = wrapper.cfbundle; includeInIndex = 0; path = Core_TestTests.xctest; sourceTree = BUILT_PRODUCTS_DIR; };
		23697FFE1AA85B67009CC9F3 /* Info.plist */ = {isa = PBXFileReference; lastKnownFileType = text.plist.xml; path = Info.plist; sourceTree = "<group>"; };
		23697FFF1AA85B67009CC9F3 /* Core_TestTests.m */ = {isa = PBXFileReference; lastKnownFileType = sourcecode.c.objc; path = Core_TestTests.m; sourceTree = "<group>"; };
		2369800B1AA86873009CC9F3 /* Core_Test.xcdatamodel */ = {isa = PBXFileReference; lastKnownFileType = wrapper.xcdatamodel; path = Core_Test.xcdatamodel; sourceTree = "<group>"; };
		2369800D1AA87B5A009CC9F3 /* Detail_VC.h */ = {isa = PBXFileReference; fileEncoding = 4; lastKnownFileType = sourcecode.c.h; path = Detail_VC.h; sourceTree = "<group>"; };
		2369800E1AA87B5A009CC9F3 /* Detail_VC.m */ = {isa = PBXFileReference; fileEncoding = 4; lastKnownFileType = sourcecode.c.objc; path = Detail_VC.m; sourceTree = "<group>"; };
		2369800F1AA87B5A009CC9F3 /* Detail_VC.xib */ = {isa = PBXFileReference; fileEncoding = 4; lastKnownFileType = file.xib; path = Detail_VC.xib; sourceTree = "<group>"; };
		236980121AA8811C009CC9F3 /* Core_Test 2.xcdatamodel */ = {isa = PBXFileReference; lastKnownFileType = wrapper.xcdatamodel; path = "Core_Test 2.xcdatamodel"; sourceTree = "<group>"; };
		236980131AA891C5009CC9F3 /* Core_Test.pch */ = {isa = PBXFileReference; fileEncoding = 4; lastKnownFileType = sourcecode.c.h; path = Core_Test.pch; sourceTree = "<group>"; };
		236980141AA89FA7009CC9F3 /* Core_Test 3.xcdatamodel */ = {isa = PBXFileReference; lastKnownFileType = wrapper.xcdatamodel; path = "Core_Test 3.xcdatamodel"; sourceTree = "<group>"; };
		2390C0961AB18730008B5F85 /* Migration_4_5.h */ = {isa = PBXFileReference; fileEncoding = 4; lastKnownFileType = sourcecode.c.h; path = Migration_4_5.h; sourceTree = "<group>"; };
		2390C0971AB18730008B5F85 /* Migration_4_5.m */ = {isa = PBXFileReference; fileEncoding = 4; lastKnownFileType = sourcecode.c.objc; path = Migration_4_5.m; sourceTree = "<group>"; };
		2390C0991AB194FA008B5F85 /* Model_3_5.xcmappingmodel */ = {isa = PBXFileReference; lastKnownFileType = wrapper.xcmappingmodel; path = Model_3_5.xcmappingmodel; sourceTree = "<group>"; };
		23AAC3D41AAD944900F7D0DC /* Core_Test 4.xcdatamodel */ = {isa = PBXFileReference; lastKnownFileType = wrapper.xcdatamodel; path = "Core_Test 4.xcdatamodel"; sourceTree = "<group>"; };
		23AAC3E21AADA85700F7D0DC /* Migration_3_4.h */ = {isa = PBXFileReference; fileEncoding = 4; lastKnownFileType = sourcecode.c.h; path = Migration_3_4.h; sourceTree = "<group>"; };
		23AAC3E31AADA85700F7D0DC /* Migration_3_4.m */ = {isa = PBXFileReference; fileEncoding = 4; lastKnownFileType = sourcecode.c.objc; path = Migration_3_4.m; sourceTree = "<group>"; };
		23AAC3E81AADC0C400F7D0DC /* NewEvent.h */ = {isa = PBXFileReference; fileEncoding = 4; lastKnownFileType = sourcecode.c.h; path = NewEvent.h; sourceTree = "<group>"; };
		23AAC3E91AADC0C400F7D0DC /* NewEvent.m */ = {isa = PBXFileReference; fileEncoding = 4; lastKnownFileType = sourcecode.c.objc; path = NewEvent.m; sourceTree = "<group>"; };
		23AAC3EF1AADE9D000F7D0DC /* MigrationManager_4_5.h */ = {isa = PBXFileReference; fileEncoding = 4; lastKnownFileType = sourcecode.c.h; path = MigrationManager_4_5.h; sourceTree = "<group>"; };
		23AAC3F01AADE9D000F7D0DC /* MigrationManager_4_5.m */ = {isa = PBXFileReference; fileEncoding = 4; lastKnownFileType = sourcecode.c.objc; path = MigrationManager_4_5.m; sourceTree = "<group>"; };
		23AAC3F21AADE9E200F7D0DC /* Core_Test 5.xcdatamodel */ = {isa = PBXFileReference; lastKnownFileType = wrapper.xcdatamodel; path = "Core_Test 5.xcdatamodel"; sourceTree = "<group>"; };
		23E58E3F1AAF49E800791501 /* Model_4_5.xcmappingmodel */ = {isa = PBXFileReference; lastKnownFileType = wrapper.xcmappingmodel; path = Model_4_5.xcmappingmodel; sourceTree = "<group>"; };
		D573D48D1AB6286400E356D9 /* Model_2_3.xcmappingmodel */ = {isa = PBXFileReference; lastKnownFileType = wrapper.xcmappingmodel; path = Model_2_3.xcmappingmodel; sourceTree = "<group>"; };
/* End PBXFileReference section */

/* Begin PBXFrameworksBuildPhase section */
		23697FD71AA85B67009CC9F3 /* Frameworks */ = {
			isa = PBXFrameworksBuildPhase;
			buildActionMask = 2147483647;
			files = (
			);
			runOnlyForDeploymentPostprocessing = 0;
		};
		23697FF61AA85B67009CC9F3 /* Frameworks */ = {
			isa = PBXFrameworksBuildPhase;
			buildActionMask = 2147483647;
			files = (
			);
			runOnlyForDeploymentPostprocessing = 0;
		};
/* End PBXFrameworksBuildPhase section */

/* Begin PBXGroup section */
		23697FD11AA85B67009CC9F3 = {
			isa = PBXGroup;
			children = (
				23697FDC1AA85B67009CC9F3 /* Core_Test */,
				23AAC3E81AADC0C400F7D0DC /* NewEvent.h */,
				23AAC3E91AADC0C400F7D0DC /* NewEvent.m */,
				23697FFC1AA85B67009CC9F3 /* Core_TestTests */,
				23697FDB1AA85B67009CC9F3 /* Products */,
			);
			sourceTree = "<group>";
		};
		23697FDB1AA85B67009CC9F3 /* Products */ = {
			isa = PBXGroup;
			children = (
				23697FDA1AA85B67009CC9F3 /* Core_Test.app */,
				23697FF91AA85B67009CC9F3 /* Core_TestTests.xctest */,
			);
			name = Products;
			sourceTree = "<group>";
		};
		23697FDC1AA85B67009CC9F3 /* Core_Test */ = {
			isa = PBXGroup;
			children = (
				2369800D1AA87B5A009CC9F3 /* Detail_VC.h */,
				2369800E1AA87B5A009CC9F3 /* Detail_VC.m */,
				2369800F1AA87B5A009CC9F3 /* Detail_VC.xib */,
				23697FE71AA85B67009CC9F3 /* MasterViewController.h */,
				23697FE81AA85B67009CC9F3 /* MasterViewController.m */,
				23697FE11AA85B67009CC9F3 /* AppDelegate.h */,
				23697FE21AA85B67009CC9F3 /* AppDelegate.m */,
				2369800A1AA86873009CC9F3 /* Core_Test.xcdatamodeld */,
				23AAC3DD1AADA55700F7D0DC /* Migration */,
				23697FED1AA85B67009CC9F3 /* Main.storyboard */,
				23697FF01AA85B67009CC9F3 /* Images.xcassets */,
				23697FF21AA85B67009CC9F3 /* LaunchScreen.xib */,
				23697FDD1AA85B67009CC9F3 /* Supporting Files */,
			);
			path = Core_Test;
			sourceTree = "<group>";
		};
		23697FDD1AA85B67009CC9F3 /* Supporting Files */ = {
			isa = PBXGroup;
			children = (
				23697FDE1AA85B67009CC9F3 /* Info.plist */,
				23697FDF1AA85B67009CC9F3 /* main.m */,
				236980131AA891C5009CC9F3 /* Core_Test.pch */,
			);
			name = "Supporting Files";
			sourceTree = "<group>";
		};
		23697FFC1AA85B67009CC9F3 /* Core_TestTests */ = {
			isa = PBXGroup;
			children = (
				23697FFF1AA85B67009CC9F3 /* Core_TestTests.m */,
				23697FFD1AA85B67009CC9F3 /* Supporting Files */,
			);
			path = Core_TestTests;
			sourceTree = "<group>";
		};
		23697FFD1AA85B67009CC9F3 /* Supporting Files */ = {
			isa = PBXGroup;
			children = (
				23697FFE1AA85B67009CC9F3 /* Info.plist */,
			);
			name = "Supporting Files";
			sourceTree = "<group>";
		};
		23AAC3DD1AADA55700F7D0DC /* Migration */ = {
			isa = PBXGroup;
			children = (
				2390C0991AB194FA008B5F85 /* Model_3_5.xcmappingmodel */,
				23E58E3F1AAF49E800791501 /* Model_4_5.xcmappingmodel */,
				234107C11AAED8CB00218394 /* Model_3_to_4.xcmappingmodel */,
				D573D48D1AB6286400E356D9 /* Model_2_3.xcmappingmodel */,
				2390C0961AB18730008B5F85 /* Migration_4_5.h */,
				2390C0971AB18730008B5F85 /* Migration_4_5.m */,
				23AAC3E21AADA85700F7D0DC /* Migration_3_4.h */,
				23AAC3E31AADA85700F7D0DC /* Migration_3_4.m */,
				23AAC3EF1AADE9D000F7D0DC /* MigrationManager_4_5.h */,
				23AAC3F01AADE9D000F7D0DC /* MigrationManager_4_5.m */,
			);
			name = Migration;
			sourceTree = "<group>";
		};
/* End PBXGroup section */

/* Begin PBXNativeTarget section */
		23697FD91AA85B67009CC9F3 /* Core_Test */ = {
			isa = PBXNativeTarget;
			buildConfigurationList = 236980031AA85B67009CC9F3 /* Build configuration list for PBXNativeTarget "Core_Test" */;
			buildPhases = (
				23697FD61AA85B67009CC9F3 /* Sources */,
				23697FD71AA85B67009CC9F3 /* Frameworks */,
				23697FD81AA85B67009CC9F3 /* Resources */,
			);
			buildRules = (
			);
			dependencies = (
			);
			name = Core_Test;
			productName = Core_Test;
			productReference = 23697FDA1AA85B67009CC9F3 /* Core_Test.app */;
			productType = "com.apple.product-type.application";
		};
		23697FF81AA85B67009CC9F3 /* Core_TestTests */ = {
			isa = PBXNativeTarget;
			buildConfigurationList = 236980061AA85B67009CC9F3 /* Build configuration list for PBXNativeTarget "Core_TestTests" */;
			buildPhases = (
				23697FF51AA85B67009CC9F3 /* Sources */,
				23697FF61AA85B67009CC9F3 /* Frameworks */,
				23697FF71AA85B67009CC9F3 /* Resources */,
			);
			buildRules = (
			);
			dependencies = (
				23697FFB1AA85B67009CC9F3 /* PBXTargetDependency */,
			);
			name = Core_TestTests;
			productName = Core_TestTests;
			productReference = 23697FF91AA85B67009CC9F3 /* Core_TestTests.xctest */;
			productType = "com.apple.product-type.bundle.unit-test";
		};
/* End PBXNativeTarget section */

/* Begin PBXProject section */
		23697FD21AA85B67009CC9F3 /* Project object */ = {
			isa = PBXProject;
			attributes = {
				LastUpgradeCheck = 0610;
				ORGANIZATIONNAME = "Zmachinsky Sergei";
				TargetAttributes = {
					23697FD91AA85B67009CC9F3 = {
						CreatedOnToolsVersion = 6.1.1;
					};
					23697FF81AA85B67009CC9F3 = {
						CreatedOnToolsVersion = 6.1.1;
						TestTargetID = 23697FD91AA85B67009CC9F3;
					};
				};
			};
			buildConfigurationList = 23697FD51AA85B67009CC9F3 /* Build configuration list for PBXProject "Core_Test" */;
			compatibilityVersion = "Xcode 3.2";
			developmentRegion = English;
			hasScannedForEncodings = 0;
			knownRegions = (
				en,
				Base,
			);
			mainGroup = 23697FD11AA85B67009CC9F3;
			productRefGroup = 23697FDB1AA85B67009CC9F3 /* Products */;
			projectDirPath = "";
			projectRoot = "";
			targets = (
				23697FD91AA85B67009CC9F3 /* Core_Test */,
				23697FF81AA85B67009CC9F3 /* Core_TestTests */,
			);
		};
/* End PBXProject section */

/* Begin PBXResourcesBuildPhase section */
		23697FD81AA85B67009CC9F3 /* Resources */ = {
			isa = PBXResourcesBuildPhase;
			buildActionMask = 2147483647;
			files = (
				23697FEF1AA85B67009CC9F3 /* Main.storyboard in Resources */,
				236980111AA87B5A009CC9F3 /* Detail_VC.xib in Resources */,
				23697FF41AA85B67009CC9F3 /* LaunchScreen.xib in Resources */,
				23697FF11AA85B67009CC9F3 /* Images.xcassets in Resources */,
			);
			runOnlyForDeploymentPostprocessing = 0;
		};
		23697FF71AA85B67009CC9F3 /* Resources */ = {
			isa = PBXResourcesBuildPhase;
			buildActionMask = 2147483647;
			files = (
			);
			runOnlyForDeploymentPostprocessing = 0;
		};
/* End PBXResourcesBuildPhase section */

/* Begin PBXSourcesBuildPhase section */
		23697FD61AA85B67009CC9F3 /* Sources */ = {
			isa = PBXSourcesBuildPhase;
			buildActionMask = 2147483647;
			files = (
				2369800C1AA86873009CC9F3 /* Core_Test.xcdatamodeld in Sources */,
				234107C21AAED8CB00218394 /* Model_3_to_4.xcmappingmodel in Sources */,
				D573D48E1AB6286400E356D9 /* Model_2_3.xcmappingmodel in Sources */,
				23AAC3EA1AADC0C400F7D0DC /* NewEvent.m in Sources */,
				23AAC3F11AADE9D000F7D0DC /* MigrationManager_4_5.m in Sources */,
				23AAC3E41AADA85700F7D0DC /* Migration_3_4.m in Sources */,
				23697FE91AA85B67009CC9F3 /* MasterViewController.m in Sources */,
				23E58E401AAF49E800791501 /* Model_4_5.xcmappingmodel in Sources */,
				236980101AA87B5A009CC9F3 /* Detail_VC.m in Sources */,
				23697FE31AA85B67009CC9F3 /* AppDelegate.m in Sources */,
				2390C09A1AB194FA008B5F85 /* Model_3_5.xcmappingmodel in Sources */,
				2390C0981AB18730008B5F85 /* Migration_4_5.m in Sources */,
				23697FE01AA85B67009CC9F3 /* main.m in Sources */,
			);
			runOnlyForDeploymentPostprocessing = 0;
		};
		23697FF51AA85B67009CC9F3 /* Sources */ = {
			isa = PBXSourcesBuildPhase;
			buildActionMask = 2147483647;
			files = (
				236980001AA85B67009CC9F3 /* Core_TestTests.m in Sources */,
			);
			runOnlyForDeploymentPostprocessing = 0;
		};
/* End PBXSourcesBuildPhase section */

/* Begin PBXTargetDependency section */
		23697FFB1AA85B67009CC9F3 /* PBXTargetDependency */ = {
			isa = PBXTargetDependency;
			target = 23697FD91AA85B67009CC9F3 /* Core_Test */;
			targetProxy = 23697FFA1AA85B67009CC9F3 /* PBXContainerItemProxy */;
		};
/* End PBXTargetDependency section */

/* Begin PBXVariantGroup section */
		23697FED1AA85B67009CC9F3 /* Main.storyboard */ = {
			isa = PBXVariantGroup;
			children = (
				23697FEE1AA85B67009CC9F3 /* Base */,
			);
			name = Main.storyboard;
			sourceTree = "<group>";
		};
		23697FF21AA85B67009CC9F3 /* LaunchScreen.xib */ = {
			isa = PBXVariantGroup;
			children = (
				23697FF31AA85B67009CC9F3 /* Base */,
			);
			name = LaunchScreen.xib;
			sourceTree = "<group>";
		};
/* End PBXVariantGroup section */

/* Begin XCBuildConfiguration section */
		236980011AA85B67009CC9F3 /* Debug */ = {
			isa = XCBuildConfiguration;
			buildSettings = {
				ALWAYS_SEARCH_USER_PATHS = NO;
				CLANG_CXX_LANGUAGE_STANDARD = "gnu++0x";
				CLANG_CXX_LIBRARY = "libc++";
				CLANG_ENABLE_MODULES = YES;
				CLANG_ENABLE_OBJC_ARC = YES;
				CLANG_WARN_BOOL_CONVERSION = YES;
				CLANG_WARN_CONSTANT_CONVERSION = YES;
				CLANG_WARN_DIRECT_OBJC_ISA_USAGE = YES_ERROR;
				CLANG_WARN_EMPTY_BODY = YES;
				CLANG_WARN_ENUM_CONVERSION = YES;
				CLANG_WARN_INT_CONVERSION = YES;
				CLANG_WARN_OBJC_ROOT_CLASS = YES_ERROR;
				CLANG_WARN_UNREACHABLE_CODE = YES;
				CLANG_WARN__DUPLICATE_METHOD_MATCH = YES;
				"CODE_SIGN_IDENTITY[sdk=iphoneos*]" = "iPhone Developer";
				COPY_PHASE_STRIP = NO;
				ENABLE_STRICT_OBJC_MSGSEND = YES;
				GCC_C_LANGUAGE_STANDARD = gnu99;
				GCC_DYNAMIC_NO_PIC = NO;
				GCC_OPTIMIZATION_LEVEL = 0;
				GCC_PREPROCESSOR_DEFINITIONS = (
					"DEBUG=1",
					"$(inherited)",
				);
				GCC_SYMBOLS_PRIVATE_EXTERN = NO;
				GCC_WARN_64_TO_32_BIT_CONVERSION = YES;
				GCC_WARN_ABOUT_RETURN_TYPE = YES_ERROR;
				GCC_WARN_UNDECLARED_SELECTOR = YES;
				GCC_WARN_UNINITIALIZED_AUTOS = YES_AGGRESSIVE;
				GCC_WARN_UNUSED_FUNCTION = YES;
				GCC_WARN_UNUSED_VARIABLE = YES;
				IPHONEOS_DEPLOYMENT_TARGET = 8.1;
				MTL_ENABLE_DEBUG_INFO = YES;
				ONLY_ACTIVE_ARCH = YES;
				SDKROOT = iphoneos;
			};
			name = Debug;
		};
		236980021AA85B67009CC9F3 /* Release */ = {
			isa = XCBuildConfiguration;
			buildSettings = {
				ALWAYS_SEARCH_USER_PATHS = NO;
				CLANG_CXX_LANGUAGE_STANDARD = "gnu++0x";
				CLANG_CXX_LIBRARY = "libc++";
				CLANG_ENABLE_MODULES = YES;
				CLANG_ENABLE_OBJC_ARC = YES;
				CLANG_WARN_BOOL_CONVERSION = YES;
				CLANG_WARN_CONSTANT_CONVERSION = YES;
				CLANG_WARN_DIRECT_OBJC_ISA_USAGE = YES_ERROR;
				CLANG_WARN_EMPTY_BODY = YES;
				CLANG_WARN_ENUM_CONVERSION = YES;
				CLANG_WARN_INT_CONVERSION = YES;
				CLANG_WARN_OBJC_ROOT_CLASS = YES_ERROR;
				CLANG_WARN_UNREACHABLE_CODE = YES;
				CLANG_WARN__DUPLICATE_METHOD_MATCH = YES;
				"CODE_SIGN_IDENTITY[sdk=iphoneos*]" = "iPhone Developer";
				COPY_PHASE_STRIP = YES;
				ENABLE_NS_ASSERTIONS = NO;
				ENABLE_STRICT_OBJC_MSGSEND = YES;
				GCC_C_LANGUAGE_STANDARD = gnu99;
				GCC_WARN_64_TO_32_BIT_CONVERSION = YES;
				GCC_WARN_ABOUT_RETURN_TYPE = YES_ERROR;
				GCC_WARN_UNDECLARED_SELECTOR = YES;
				GCC_WARN_UNINITIALIZED_AUTOS = YES_AGGRESSIVE;
				GCC_WARN_UNUSED_FUNCTION = YES;
				GCC_WARN_UNUSED_VARIABLE = YES;
				IPHONEOS_DEPLOYMENT_TARGET = 8.1;
				MTL_ENABLE_DEBUG_INFO = NO;
				SDKROOT = iphoneos;
				VALIDATE_PRODUCT = YES;
			};
			name = Release;
		};
		236980041AA85B67009CC9F3 /* Debug */ = {
			isa = XCBuildConfiguration;
			buildSettings = {
				ASSETCATALOG_COMPILER_APPICON_NAME = AppIcon;
				GCC_PRECOMPILE_PREFIX_HEADER = YES;
				GCC_PREFIX_HEADER = Core_Test/Core_Test.pch;
				INFOPLIST_FILE = Core_Test/Info.plist;
				IPHONEOS_DEPLOYMENT_TARGET = 7.0;
				LD_RUNPATH_SEARCH_PATHS = "$(inherited) @executable_path/Frameworks";
				PRODUCT_NAME = "$(TARGET_NAME)";
			};
			name = Debug;
		};
		236980051AA85B67009CC9F3 /* Release */ = {
			isa = XCBuildConfiguration;
			buildSettings = {
				ASSETCATALOG_COMPILER_APPICON_NAME = AppIcon;
				GCC_PRECOMPILE_PREFIX_HEADER = YES;
				GCC_PREFIX_HEADER = Core_Test/Core_Test.pch;
				INFOPLIST_FILE = Core_Test/Info.plist;
				IPHONEOS_DEPLOYMENT_TARGET = 7.0;
				LD_RUNPATH_SEARCH_PATHS = "$(inherited) @executable_path/Frameworks";
				PRODUCT_NAME = "$(TARGET_NAME)";
			};
			name = Release;
		};
		236980071AA85B67009CC9F3 /* Debug */ = {
			isa = XCBuildConfiguration;
			buildSettings = {
				BUNDLE_LOADER = "$(TEST_HOST)";
				FRAMEWORK_SEARCH_PATHS = (
					"$(SDKROOT)/Developer/Library/Frameworks",
					"$(inherited)",
				);
				GCC_PREPROCESSOR_DEFINITIONS = (
					"DEBUG=1",
					"$(inherited)",
				);
				INFOPLIST_FILE = Core_TestTests/Info.plist;
				LD_RUNPATH_SEARCH_PATHS = "$(inherited) @executable_path/Frameworks @loader_path/Frameworks";
				PRODUCT_NAME = "$(TARGET_NAME)";
				TEST_HOST = "$(BUILT_PRODUCTS_DIR)/Core_Test.app/Core_Test";
			};
			name = Debug;
		};
		236980081AA85B67009CC9F3 /* Release */ = {
			isa = XCBuildConfiguration;
			buildSettings = {
				BUNDLE_LOADER = "$(TEST_HOST)";
				FRAMEWORK_SEARCH_PATHS = (
					"$(SDKROOT)/Developer/Library/Frameworks",
					"$(inherited)",
				);
				INFOPLIST_FILE = Core_TestTests/Info.plist;
				LD_RUNPATH_SEARCH_PATHS = "$(inherited) @executable_path/Frameworks @loader_path/Frameworks";
				PRODUCT_NAME = "$(TARGET_NAME)";
				TEST_HOST = "$(BUILT_PRODUCTS_DIR)/Core_Test.app/Core_Test";
			};
			name = Release;
		};
/* End XCBuildConfiguration section */

/* Begin XCConfigurationList section */
		23697FD51AA85B67009CC9F3 /* Build configuration list for PBXProject "Core_Test" */ = {
			isa = XCConfigurationList;
			buildConfigurations = (
				236980011AA85B67009CC9F3 /* Debug */,
				236980021AA85B67009CC9F3 /* Release */,
			);
			defaultConfigurationIsVisible = 0;
			defaultConfigurationName = Release;
		};
		236980031AA85B67009CC9F3 /* Build configuration list for PBXNativeTarget "Core_Test" */ = {
			isa = XCConfigurationList;
			buildConfigurations = (
				236980041AA85B67009CC9F3 /* Debug */,
				236980051AA85B67009CC9F3 /* Release */,
			);
			defaultConfigurationIsVisible = 0;
			defaultConfigurationName = Release;
		};
		236980061AA85B67009CC9F3 /* Build configuration list for PBXNativeTarget "Core_TestTests" */ = {
			isa = XCConfigurationList;
			buildConfigurations = (
				236980071AA85B67009CC9F3 /* Debug */,
				236980081AA85B67009CC9F3 /* Release */,
			);
			defaultConfigurationIsVisible = 0;
			defaultConfigurationName = Release;
		};
/* End XCConfigurationList section */

/* Begin XCVersionGroup section */
		2369800A1AA86873009CC9F3 /* Core_Test.xcdatamodeld */ = {
			isa = XCVersionGroup;
			children = (
				23AAC3F21AADE9E200F7D0DC /* Core_Test 5.xcdatamodel */,
				23AAC3D41AAD944900F7D0DC /* Core_Test 4.xcdatamodel */,
				236980121AA8811C009CC9F3 /* Core_Test 2.xcdatamodel */,
				236980141AA89FA7009CC9F3 /* Core_Test 3.xcdatamodel */,
				2369800B1AA86873009CC9F3 /* Core_Test.xcdatamodel */,
			);
			currentVersion = 23AAC3F21AADE9E200F7D0DC /* Core_Test 5.xcdatamodel */;
			path = Core_Test.xcdatamodeld;
			sourceTree = "<group>";
			versionGroupType = wrapper.xcdatamodel;
		};
/* End XCVersionGroup section */
	};
	rootObject = 23697FD21AA85B67009CC9F3 /* Project object */;
}
